
Microsoft Visual Studio Solution File, Format Version 12.00
# Visual Studio 14
VisualStudioVersion = 14.0.25123.0
MinimumVisualStudioVersion = 10.0.40219.1
Project("{FAE04EC0-301F-11D3-BF4B-00C04F79EFBC}") = "Network.Socket.Store", "Network.Socket.Store\Network.Socket.Store.csproj", "{83987463-F910-4A6B-9EB4-6E770173FB1D}"
EndProject
Project("{2150E333-8FDC-42A3-9474-1A3956D46DE8}") = "Netzwerk", "Netzwerk", "{DB046FAA-EA17-443E-9794-083706966125}"
EndProject
Project("{FAE04EC0-301F-11D3-BF4B-00C04F79EFBC}") = "Network.Relay", "Network.Relay\Network.Relay.csproj", "{2B34D64C-A52F-4EC1-8B8F-4BAF952ABA48}"
EndProject
Project("{2150E333-8FDC-42A3-9474-1A3956D46DE8}") = "Misc", "Misc", "{63F4A38C-C52C-457D-BE8B-D9CD7A4696B1}"
EndProject
Project("{2150E333-8FDC-42A3-9474-1A3956D46DE8}") = "Server", "Server", "{A08BEEA2-817F-4DBA-96A0-CE1FDA606291}"
EndProject
Project("{FAE04EC0-301F-11D3-BF4B-00C04F79EFBC}") = "Network.Socket.Desktop", "Network.Socket.Desktop\Network.Socket.Desktop.csproj", "{362BE535-4DC6-4A28-8A64-F383D00EB13E}"
EndProject
Project("{2150E333-8FDC-42A3-9474-1A3956D46DE8}") = "TestProgramme", "TestProgramme", "{5B864FAA-9738-40F0-AC7C-B77DE96A4523}"
EndProject
Project("{FAE04EC0-301F-11D3-BF4B-00C04F79EFBC}") = "Misc.Portable", "Misc.Portable\Misc.Portable.csproj", "{1D00E979-399F-4D2D-942A-F2C8E4F0F8D2}"
EndProject
Project("{2150E333-8FDC-42A3-9474-1A3956D46DE8}") = "Security", "Security", "{6B076A79-690A-4AD7-809D-0293C3F9FC2D}"
EndProject
Project("{FAE04EC0-301F-11D3-BF4B-00C04F79EFBC}") = "Misc.Serialization", "Misc.Serialization\Misc.Serialization.csproj", "{B185A324-7D54-49E0-B7A7-F92377B7DAB4}"
EndProject
Project("{FAE04EC0-301F-11D3-BF4B-00C04F79EFBC}") = "UPnPConsoleTest", "UPnPConsoleTest\UPnPConsoleTest.csproj", "{70DC925C-1EFC-4F93-9CFE-5B29B1F303C7}"
EndProject
Project("{FAE04EC0-301F-11D3-BF4B-00C04F79EFBC}") = "Misc.Generator", "Misc.Generator\Misc.Generator.csproj", "{1873423F-A465-4F8D-812C-A42239EF9019}"
EndProject
Project("{FAE04EC0-301F-11D3-BF4B-00C04F79EFBC}") = "Game.Data", "Game.Data\Game.Data.csproj", "{25DA14CD-7F5A-4EA4-88E4-EC4DD9AA849F}"
	ProjectSection(ProjectDependencies) = postProject
		{1873423F-A465-4F8D-812C-A42239EF9019} = {1873423F-A465-4F8D-812C-A42239EF9019}
	EndProjectSection
EndProject
Project("{2150E333-8FDC-42A3-9474-1A3956D46DE8}") = ".nuget", ".nuget", "{8D6F1C4F-1704-4074-B9B4-005237A8B507}"
	ProjectSection(SolutionItems) = preProject
		.nuget\NuGet.Config = .nuget\NuGet.Config
		.nuget\NuGet.exe = .nuget\NuGet.exe
		.nuget\NuGet.targets = .nuget\NuGet.targets
		.nuget\packages.config = .nuget\packages.config
	EndProjectSection
EndProject
Project("{FAE04EC0-301F-11D3-BF4B-00C04F79EFBC}") = "RelayServer", "RelayServer\RelayServer.csproj", "{714AC00F-7831-4967-81C4-5A12688188D6}"
EndProject
Project("{2150E333-8FDC-42A3-9474-1A3956D46DE8}") = "Tools", "Tools", "{CB223109-24A3-4426-895B-48169A3443C9}"
EndProject
Project("{2150E333-8FDC-42A3-9474-1A3956D46DE8}") = "Client", "Client", "{A30E04DA-4FC2-42FA-AFCC-322022DE5D20}"
EndProject
Project("{D954291E-2A0B-460D-934E-DC6B0785DB48}") = "Client.Shared", "Client\Client.Shared\Client.Shared.shproj", "{EDC317CD-2EE3-4E21-9710-86B168E8272E}"
EndProject
Project("{FAE04EC0-301F-11D3-BF4B-00C04F79EFBC}") = "Client.Windows", "Client\Client.Windows\Client.Windows.csproj", "{429BDE88-3BEC-4123-8578-6691AD7012FE}"
EndProject
Project("{2150E333-8FDC-42A3-9474-1A3956D46DE8}") = "Game.TransactionMap", "Game.TransactionMap", "{1295394C-D992-438A-BB56-195BAF74F5D8}"
EndProject
Project("{FAE04EC0-301F-11D3-BF4B-00C04F79EFBC}") = "Game.TransactionMap.Store", "GameTransactionMap.Store\Game.TransactionMap.Store.csproj", "{58FA87C5-8138-480D-B15E-261F8C9B2C24}"
EndProject
Project("{D954291E-2A0B-460D-934E-DC6B0785DB48}") = "Game.TransactionMap", "Game.TransactionMap\Game.TransactionMap.shproj", "{B5C4AFA4-1474-4133-85AE-9D3490B55F5C}"
EndProject
Project("{FAE04EC0-301F-11D3-BF4B-00C04F79EFBC}") = "Game.TransactionMap.Desktop", "Game.TransactionMap.Windows\Game.TransactionMap.Desktop.csproj", "{683E91D4-F73B-40BC-AB83-48874C8D9483}"
EndProject
Project("{D954291E-2A0B-460D-934E-DC6B0785DB48}") = "Security", "Security\Security.shproj", "{AF2832A7-5727-42C5-BC16-722A082FD23A}"
EndProject
Project("{FAE04EC0-301F-11D3-BF4B-00C04F79EFBC}") = "Security.Desktop", "Security.Desktop\Security.Desktop.csproj", "{D19ED892-1B57-4575-BA61-FA4B6BA1BD55}"
EndProject
Project("{FAE04EC0-301F-11D3-BF4B-00C04F79EFBC}") = "Security.Store", "Security.Store\Security.Store.csproj", "{A5632C6E-0605-4E7D-90A6-E3F690DE8C35}"
EndProject
Project("{2150E333-8FDC-42A3-9474-1A3956D46DE8}") = "Xml", "Xml", "{1435DD76-5E8B-4095-B184-2CAEF745DC67}"
EndProject
Project("{FAE04EC0-301F-11D3-BF4B-00C04F79EFBC}") = "System.Xml.XmlDocument", "System.Xml.XmlDocument\System.Xml.XmlDocument.csproj", "{F7E53C6E-C0CE-4C17-BC44-26C642FFCC7D}"
EndProject
Project("{2150E333-8FDC-42A3-9474-1A3956D46DE8}") = "Socket", "Socket", "{33893823-0828-4CB9-ADB1-EC2CA4707A59}"
EndProject
Project("{D954291E-2A0B-460D-934E-DC6B0785DB48}") = "Network.Socket", "Network.Socket\Network.Socket.shproj", "{3BBFE19C-B55B-4552-A9EF-FAAD8CF761AF}"
EndProject
Project("{2150E333-8FDC-42A3-9474-1A3956D46DE8}") = "Relay", "Relay", "{21804B60-87C6-4CD9-994C-9B1FD4D8608D}"
EndProject
Project("{2150E333-8FDC-42A3-9474-1A3956D46DE8}") = "Client", "Client", "{D91C189E-94E9-4BA3-80A5-9EF94565061E}"
EndProject
Project("{FAE04EC0-301F-11D3-BF4B-00C04F79EFBC}") = "Network.Relay.Client.Desktop", "Network.Relay.Client.Desktop\Network.Relay.Client.Desktop.csproj", "{C880B086-B7F2-4B5A-830E-9AAEEDF063F8}"
EndProject
Project("{FAE04EC0-301F-11D3-BF4B-00C04F79EFBC}") = "Network.Relay.Client.Store", "Network.Relay.Client.Store\Network.Relay.Client.Store.csproj", "{358C45D9-DDB0-419E-BD92-A3FE04AD04CC}"
EndProject
Project("{D954291E-2A0B-460D-934E-DC6B0785DB48}") = "Network.Relay.Client", "Network.Relay.Client\Network.Relay.Client.shproj", "{FF36FF2B-6B25-44DE-8AAA-CA4769603634}"
EndProject
Project("{FAE04EC0-301F-11D3-BF4B-00C04F79EFBC}") = "Network.Desktop", "Network.Desktop\Network.Desktop.csproj", "{AABB7AC5-B73E-4E57-8B92-5066BF7BB6CB}"
EndProject
Project("{D954291E-2A0B-460D-934E-DC6B0785DB48}") = "Network", "Network\Network.shproj", "{E81D1A4B-80EF-4308-97FE-91628853777F}"
EndProject
Project("{FAE04EC0-301F-11D3-BF4B-00C04F79EFBC}") = "Network.Store", "Network.Store\Network.Store.csproj", "{61B312B7-095E-4006-9484-82F3612F8E0F}"
EndProject
Project("{2150E333-8FDC-42A3-9474-1A3956D46DE8}") = "UPnP", "UPnP", "{D9A0A897-DDFB-4BFE-93E6-9327E8752F4C}"
EndProject
Project("{FAE04EC0-301F-11D3-BF4B-00C04F79EFBC}") = "UPnP.Store", "UPnP.Store\UPnP.Store.csproj", "{18F66CDC-40D7-4E54-9C18-390478334792}"
EndProject
Project("{FAE04EC0-301F-11D3-BF4B-00C04F79EFBC}") = "UPnP.Desktop", "UPnP.Desktop\UPnP.Desktop.csproj", "{9FD6C60A-4BBD-44D4-A295-D9613AB300EB}"
EndProject
Project("{D954291E-2A0B-460D-934E-DC6B0785DB48}") = "UPnP", "UPnP\UPnP.shproj", "{5E381E19-53A8-4559-BE79-C97BE85F8BC7}"
EndProject
Project("{2150E333-8FDC-42A3-9474-1A3956D46DE8}") = "Test", "Test", "{60027AC1-F6BC-45B1-A5C0-F06C16AE8467}"
EndProject
Project("{FAE04EC0-301F-11D3-BF4B-00C04F79EFBC}") = "Game.TransactionMap.Test", "Game.TransactionMap.Test\Game.TransactionMap.Test.csproj", "{494AABA6-7F65-4B86-973D-8425BF83DE72}"
EndProject
Project("{2150E333-8FDC-42A3-9474-1A3956D46DE8}") = "Game.Database", "Game.Database", "{0C739DD4-E29C-4A86-9A11-2C80E2F92E18}"
EndProject
Project("{D954291E-2A0B-460D-934E-DC6B0785DB48}") = "Game.Database", "Game.Database\Game.Database.shproj", "{8D7C498A-C7A9-408E-B6E4-FC24C2B920F7}"
EndProject
Project("{FAE04EC0-301F-11D3-BF4B-00C04F79EFBC}") = "Game.Database.Store", "Game.Database.Store\Game.Database.Store.csproj", "{8E96CBD0-C999-4DC6-BD64-CE70E71EAF29}"
EndProject
Project("{FAE04EC0-301F-11D3-BF4B-00C04F79EFBC}") = "Game.Database.Desktop", "Game.Database.Desktop\Game.Database.Desktop.csproj", "{32BE05EF-3D82-40B0-8C32-396E2BB0E3A2}"
EndProject
Project("{2150E333-8FDC-42A3-9474-1A3956D46DE8}") = "Logger", "Logger", "{0B61E09E-89FE-486F-A4E6-E113441EED8B}"
EndProject
Project("{FAE04EC0-301F-11D3-BF4B-00C04F79EFBC}") = "Logger", "Logger\Logger.csproj", "{E66620B2-02AB-41D6-89BF-3461CFBBD446}"
EndProject
Project("{FAE04EC0-301F-11D3-BF4B-00C04F79EFBC}") = "Security.Interfaces", "Security.Interfaces\Security.Interfaces.csproj", "{C2771049-7C6A-474E-9702-085958BB69E3}"
EndProject
Project("{2150E333-8FDC-42A3-9474-1A3956D46DE8}") = "Solution Items", "Solution Items", "{A302F4DD-8533-4EE9-9CD2-1CCE79DCF8C2}"
	ProjectSection(SolutionItems) = preProject
		SolutionDaten\service.wsdl = SolutionDaten\service.wsdl
		TestGame.ts = TestGame.ts
		TestMauMau.ts = TestMauMau.ts
	EndProjectSection
EndProject
Project("{FAE04EC0-301F-11D3-BF4B-00C04F79EFBC}") = "Client.Uwp", "Client.Uwp\Client.Uwp.csproj", "{B74CC183-F1D8-4861-A563-7D450DDC1A56}"
EndProject
Global
	GlobalSection(SharedMSBuildProjectFiles) = preSolution
		Network.Socket\Network.Socket.projitems*{362be535-4dc6-4a28-8a64-f383d00eb13e}*SharedItemsImports = 4
		Game.Database\Game.Database.projitems*{8e96cbd0-c999-4dc6-bd64-ce70e71eaf29}*SharedItemsImports = 4
		Security\Security.projitems*{af2832a7-5727-42c5-bc16-722a082fd23a}*SharedItemsImports = 13
		Game.Database\Game.Database.projitems*{8d7c498a-c7a9-408e-b6e4-fc24c2b920f7}*SharedItemsImports = 13
		UPnP\UPnP.projitems*{5e381e19-53a8-4559-be79-c97be85f8bc7}*SharedItemsImports = 13
		Game.TransactionMap\Game.TransactionMap.projitems*{683e91d4-f73b-40bc-ab83-48874c8d9483}*SharedItemsImports = 4
		Network.Relay.Client\Network.Relay.Client.projitems*{c880b086-b7f2-4b5a-830e-9aaeedf063f8}*SharedItemsImports = 4
		Network\Network.projitems*{61b312b7-095e-4006-9484-82f3612f8e0f}*SharedItemsImports = 4
		Network\Network.projitems*{e81d1a4b-80ef-4308-97fe-91628853777f}*SharedItemsImports = 13
		Game.TransactionMap\Game.TransactionMap.projitems*{58fa87c5-8138-480d-b15e-261f8c9b2c24}*SharedItemsImports = 4
		UPnP\UPnP.projitems*{9fd6c60a-4bbd-44d4-a295-d9613ab300eb}*SharedItemsImports = 4
		Network.Socket\Network.Socket.projitems*{83987463-f910-4a6b-9eb4-6e770173fb1d}*SharedItemsImports = 4
		Client\Client.Shared\Client.Shared.projitems*{429bde88-3bec-4123-8578-6691ad7012fe}*SharedItemsImports = 4
		Security\Security.projitems*{d19ed892-1b57-4575-ba61-fa4b6ba1bd55}*SharedItemsImports = 4
		Game.Database\Game.Database.projitems*{32be05ef-3d82-40b0-8c32-396e2bb0e3a2}*SharedItemsImports = 4
		Client\Client.Shared\Client.Shared.projitems*{b74cc183-f1d8-4861-a563-7d450ddc1a56}*SharedItemsImports = 4
		Game.TransactionMap\Game.TransactionMap.projitems*{b5c4afa4-1474-4133-85ae-9d3490b55f5c}*SharedItemsImports = 13
		Security\Security.projitems*{a5632c6e-0605-4e7d-90a6-e3f690de8c35}*SharedItemsImports = 4
		Client\Client.Shared\Client.Shared.projitems*{edc317cd-2ee3-4e21-9710-86b168e8272e}*SharedItemsImports = 13
		Network.Relay.Client\Network.Relay.Client.projitems*{358c45d9-ddb0-419e-bd92-a3fe04ad04cc}*SharedItemsImports = 4
		Network\Network.projitems*{aabb7ac5-b73e-4e57-8b92-5066bf7bb6cb}*SharedItemsImports = 4
		Network.Relay.Client\Network.Relay.Client.projitems*{ff36ff2b-6b25-44de-8aaa-ca4769603634}*SharedItemsImports = 13
		UPnP\UPnP.projitems*{18f66cdc-40d7-4e54-9c18-390478334792}*SharedItemsImports = 4
		Network.Socket\Network.Socket.projitems*{3bbfe19c-b55b-4552-a9ef-faad8cf761af}*SharedItemsImports = 13
	EndGlobalSection
	GlobalSection(SolutionConfigurationPlatforms) = preSolution
		Debug Native|Any CPU = Debug Native|Any CPU
		Debug Native|ARM = Debug Native|ARM
		Debug Native|x64 = Debug Native|x64
		Debug Native|x86 = Debug Native|x86
		Debug|Any CPU = Debug|Any CPU
		Debug|ARM = Debug|ARM
		Debug|x64 = Debug|x64
		Debug|x86 = Debug|x86
		Release|Any CPU = Release|Any CPU
		Release|ARM = Release|ARM
		Release|x64 = Release|x64
		Release|x86 = Release|x86
	EndGlobalSection
	GlobalSection(ProjectConfigurationPlatforms) = postSolution
		{83987463-F910-4A6B-9EB4-6E770173FB1D}.Debug Native|Any CPU.ActiveCfg = Debug Native|Any CPU
		{83987463-F910-4A6B-9EB4-6E770173FB1D}.Debug Native|Any CPU.Build.0 = Debug Native|Any CPU
		{83987463-F910-4A6B-9EB4-6E770173FB1D}.Debug Native|ARM.ActiveCfg = Debug Native|ARM
		{83987463-F910-4A6B-9EB4-6E770173FB1D}.Debug Native|ARM.Build.0 = Debug Native|ARM
		{83987463-F910-4A6B-9EB4-6E770173FB1D}.Debug Native|x64.ActiveCfg = Debug Native|x64
		{83987463-F910-4A6B-9EB4-6E770173FB1D}.Debug Native|x64.Build.0 = Debug Native|x64
		{83987463-F910-4A6B-9EB4-6E770173FB1D}.Debug Native|x86.ActiveCfg = Debug Native|x86
		{83987463-F910-4A6B-9EB4-6E770173FB1D}.Debug Native|x86.Build.0 = Debug Native|x86
		{83987463-F910-4A6B-9EB4-6E770173FB1D}.Debug|Any CPU.ActiveCfg = Debug|Any CPU
		{83987463-F910-4A6B-9EB4-6E770173FB1D}.Debug|Any CPU.Build.0 = Debug|Any CPU
		{83987463-F910-4A6B-9EB4-6E770173FB1D}.Debug|ARM.ActiveCfg = Debug|ARM
		{83987463-F910-4A6B-9EB4-6E770173FB1D}.Debug|ARM.Build.0 = Debug|ARM
		{83987463-F910-4A6B-9EB4-6E770173FB1D}.Debug|x64.ActiveCfg = Debug|x64
		{83987463-F910-4A6B-9EB4-6E770173FB1D}.Debug|x64.Build.0 = Debug|x64
		{83987463-F910-4A6B-9EB4-6E770173FB1D}.Debug|x86.ActiveCfg = Debug|x86
		{83987463-F910-4A6B-9EB4-6E770173FB1D}.Debug|x86.Build.0 = Debug|x86
		{83987463-F910-4A6B-9EB4-6E770173FB1D}.Release|Any CPU.ActiveCfg = Release|Any CPU
		{83987463-F910-4A6B-9EB4-6E770173FB1D}.Release|Any CPU.Build.0 = Release|Any CPU
		{83987463-F910-4A6B-9EB4-6E770173FB1D}.Release|ARM.ActiveCfg = Release|ARM
		{83987463-F910-4A6B-9EB4-6E770173FB1D}.Release|ARM.Build.0 = Release|ARM
		{83987463-F910-4A6B-9EB4-6E770173FB1D}.Release|x64.ActiveCfg = Release|x64
		{83987463-F910-4A6B-9EB4-6E770173FB1D}.Release|x64.Build.0 = Release|x64
		{83987463-F910-4A6B-9EB4-6E770173FB1D}.Release|x86.ActiveCfg = Release|x86
		{83987463-F910-4A6B-9EB4-6E770173FB1D}.Release|x86.Build.0 = Release|x86
		{2B34D64C-A52F-4EC1-8B8F-4BAF952ABA48}.Debug Native|Any CPU.ActiveCfg = Debug Native|Any CPU
		{2B34D64C-A52F-4EC1-8B8F-4BAF952ABA48}.Debug Native|Any CPU.Build.0 = Debug Native|Any CPU
		{2B34D64C-A52F-4EC1-8B8F-4BAF952ABA48}.Debug Native|ARM.ActiveCfg = Debug Native|ARM
		{2B34D64C-A52F-4EC1-8B8F-4BAF952ABA48}.Debug Native|ARM.Build.0 = Debug Native|ARM
		{2B34D64C-A52F-4EC1-8B8F-4BAF952ABA48}.Debug Native|x64.ActiveCfg = Debug Native|x64
		{2B34D64C-A52F-4EC1-8B8F-4BAF952ABA48}.Debug Native|x64.Build.0 = Debug Native|x64
		{2B34D64C-A52F-4EC1-8B8F-4BAF952ABA48}.Debug Native|x86.ActiveCfg = Debug Native|x86
		{2B34D64C-A52F-4EC1-8B8F-4BAF952ABA48}.Debug Native|x86.Build.0 = Debug Native|x86
		{2B34D64C-A52F-4EC1-8B8F-4BAF952ABA48}.Debug|Any CPU.ActiveCfg = Debug|Any CPU
		{2B34D64C-A52F-4EC1-8B8F-4BAF952ABA48}.Debug|Any CPU.Build.0 = Debug|Any CPU
		{2B34D64C-A52F-4EC1-8B8F-4BAF952ABA48}.Debug|ARM.ActiveCfg = Debug|ARM
		{2B34D64C-A52F-4EC1-8B8F-4BAF952ABA48}.Debug|ARM.Build.0 = Debug|ARM
		{2B34D64C-A52F-4EC1-8B8F-4BAF952ABA48}.Debug|x64.ActiveCfg = Debug|x64
		{2B34D64C-A52F-4EC1-8B8F-4BAF952ABA48}.Debug|x64.Build.0 = Debug|x64
		{2B34D64C-A52F-4EC1-8B8F-4BAF952ABA48}.Debug|x86.ActiveCfg = Debug|x86
		{2B34D64C-A52F-4EC1-8B8F-4BAF952ABA48}.Debug|x86.Build.0 = Debug|x86
		{2B34D64C-A52F-4EC1-8B8F-4BAF952ABA48}.Release|Any CPU.ActiveCfg = Release|Any CPU
		{2B34D64C-A52F-4EC1-8B8F-4BAF952ABA48}.Release|Any CPU.Build.0 = Release|Any CPU
		{2B34D64C-A52F-4EC1-8B8F-4BAF952ABA48}.Release|ARM.ActiveCfg = Release|Any CPU
		{2B34D64C-A52F-4EC1-8B8F-4BAF952ABA48}.Release|x64.ActiveCfg = Release|Any CPU
		{2B34D64C-A52F-4EC1-8B8F-4BAF952ABA48}.Release|x86.ActiveCfg = Release|x86
		{2B34D64C-A52F-4EC1-8B8F-4BAF952ABA48}.Release|x86.Build.0 = Release|x86
		{362BE535-4DC6-4A28-8A64-F383D00EB13E}.Debug Native|Any CPU.ActiveCfg = Debug Native|Any CPU
		{362BE535-4DC6-4A28-8A64-F383D00EB13E}.Debug Native|Any CPU.Build.0 = Debug Native|Any CPU
		{362BE535-4DC6-4A28-8A64-F383D00EB13E}.Debug Native|ARM.ActiveCfg = Debug Native|Any CPU
		{362BE535-4DC6-4A28-8A64-F383D00EB13E}.Debug Native|ARM.Build.0 = Debug Native|Any CPU
		{362BE535-4DC6-4A28-8A64-F383D00EB13E}.Debug Native|x64.ActiveCfg = Debug Native|x64
		{362BE535-4DC6-4A28-8A64-F383D00EB13E}.Debug Native|x64.Build.0 = Debug Native|x64
		{362BE535-4DC6-4A28-8A64-F383D00EB13E}.Debug Native|x86.ActiveCfg = Debug Native|x86
		{362BE535-4DC6-4A28-8A64-F383D00EB13E}.Debug Native|x86.Build.0 = Debug Native|x86
		{362BE535-4DC6-4A28-8A64-F383D00EB13E}.Debug|Any CPU.ActiveCfg = Debug|Any CPU
		{362BE535-4DC6-4A28-8A64-F383D00EB13E}.Debug|Any CPU.Build.0 = Debug|Any CPU
		{362BE535-4DC6-4A28-8A64-F383D00EB13E}.Debug|ARM.ActiveCfg = Debug|Any CPU
		{362BE535-4DC6-4A28-8A64-F383D00EB13E}.Debug|x64.ActiveCfg = Debug|x64
		{362BE535-4DC6-4A28-8A64-F383D00EB13E}.Debug|x64.Build.0 = Debug|x64
		{362BE535-4DC6-4A28-8A64-F383D00EB13E}.Debug|x86.ActiveCfg = Debug|x86
		{362BE535-4DC6-4A28-8A64-F383D00EB13E}.Debug|x86.Build.0 = Debug|x86
		{362BE535-4DC6-4A28-8A64-F383D00EB13E}.Release|Any CPU.ActiveCfg = Release|Any CPU
		{362BE535-4DC6-4A28-8A64-F383D00EB13E}.Release|Any CPU.Build.0 = Release|Any CPU
		{362BE535-4DC6-4A28-8A64-F383D00EB13E}.Release|ARM.ActiveCfg = Release|Any CPU
		{362BE535-4DC6-4A28-8A64-F383D00EB13E}.Release|x64.ActiveCfg = Release|Any CPU
		{362BE535-4DC6-4A28-8A64-F383D00EB13E}.Release|x86.ActiveCfg = Release|x86
		{362BE535-4DC6-4A28-8A64-F383D00EB13E}.Release|x86.Build.0 = Release|x86
		{1D00E979-399F-4D2D-942A-F2C8E4F0F8D2}.Debug Native|Any CPU.ActiveCfg = Debug Native|Any CPU
		{1D00E979-399F-4D2D-942A-F2C8E4F0F8D2}.Debug Native|Any CPU.Build.0 = Debug Native|Any CPU
		{1D00E979-399F-4D2D-942A-F2C8E4F0F8D2}.Debug Native|ARM.ActiveCfg = Debug Native|ARM
		{1D00E979-399F-4D2D-942A-F2C8E4F0F8D2}.Debug Native|ARM.Build.0 = Debug Native|ARM
		{1D00E979-399F-4D2D-942A-F2C8E4F0F8D2}.Debug Native|x64.ActiveCfg = Debug Native|x64
		{1D00E979-399F-4D2D-942A-F2C8E4F0F8D2}.Debug Native|x64.Build.0 = Debug Native|x64
		{1D00E979-399F-4D2D-942A-F2C8E4F0F8D2}.Debug Native|x86.ActiveCfg = Debug Native|x86
		{1D00E979-399F-4D2D-942A-F2C8E4F0F8D2}.Debug Native|x86.Build.0 = Debug Native|x86
		{1D00E979-399F-4D2D-942A-F2C8E4F0F8D2}.Debug|Any CPU.ActiveCfg = Debug|Any CPU
		{1D00E979-399F-4D2D-942A-F2C8E4F0F8D2}.Debug|Any CPU.Build.0 = Debug|Any CPU
		{1D00E979-399F-4D2D-942A-F2C8E4F0F8D2}.Debug|ARM.ActiveCfg = Debug|ARM
		{1D00E979-399F-4D2D-942A-F2C8E4F0F8D2}.Debug|ARM.Build.0 = Debug|ARM
		{1D00E979-399F-4D2D-942A-F2C8E4F0F8D2}.Debug|x64.ActiveCfg = Debug|x64
		{1D00E979-399F-4D2D-942A-F2C8E4F0F8D2}.Debug|x64.Build.0 = Debug|x64
		{1D00E979-399F-4D2D-942A-F2C8E4F0F8D2}.Debug|x86.ActiveCfg = Debug|x86
		{1D00E979-399F-4D2D-942A-F2C8E4F0F8D2}.Debug|x86.Build.0 = Debug|x86
		{1D00E979-399F-4D2D-942A-F2C8E4F0F8D2}.Release|Any CPU.ActiveCfg = Release|Any CPU
		{1D00E979-399F-4D2D-942A-F2C8E4F0F8D2}.Release|Any CPU.Build.0 = Release|Any CPU
		{1D00E979-399F-4D2D-942A-F2C8E4F0F8D2}.Release|ARM.ActiveCfg = Release|Any CPU
		{1D00E979-399F-4D2D-942A-F2C8E4F0F8D2}.Release|x64.ActiveCfg = Release|Any CPU
		{1D00E979-399F-4D2D-942A-F2C8E4F0F8D2}.Release|x86.ActiveCfg = Release|x86
		{1D00E979-399F-4D2D-942A-F2C8E4F0F8D2}.Release|x86.Build.0 = Release|x86
		{B185A324-7D54-49E0-B7A7-F92377B7DAB4}.Debug Native|Any CPU.ActiveCfg = Debug Native|Any CPU
		{B185A324-7D54-49E0-B7A7-F92377B7DAB4}.Debug Native|Any CPU.Build.0 = Debug Native|Any CPU
		{B185A324-7D54-49E0-B7A7-F92377B7DAB4}.Debug Native|ARM.ActiveCfg = Debug Native|ARM
		{B185A324-7D54-49E0-B7A7-F92377B7DAB4}.Debug Native|ARM.Build.0 = Debug Native|ARM
		{B185A324-7D54-49E0-B7A7-F92377B7DAB4}.Debug Native|x64.ActiveCfg = Debug Native|x64
		{B185A324-7D54-49E0-B7A7-F92377B7DAB4}.Debug Native|x64.Build.0 = Debug Native|x64
		{B185A324-7D54-49E0-B7A7-F92377B7DAB4}.Debug Native|x86.ActiveCfg = Debug Native|x86
		{B185A324-7D54-49E0-B7A7-F92377B7DAB4}.Debug Native|x86.Build.0 = Debug Native|x86
		{B185A324-7D54-49E0-B7A7-F92377B7DAB4}.Debug|Any CPU.ActiveCfg = Debug|Any CPU
		{B185A324-7D54-49E0-B7A7-F92377B7DAB4}.Debug|Any CPU.Build.0 = Debug|Any CPU
		{B185A324-7D54-49E0-B7A7-F92377B7DAB4}.Debug|ARM.ActiveCfg = Debug|ARM
		{B185A324-7D54-49E0-B7A7-F92377B7DAB4}.Debug|ARM.Build.0 = Debug|ARM
		{B185A324-7D54-49E0-B7A7-F92377B7DAB4}.Debug|x64.ActiveCfg = Debug|x64
		{B185A324-7D54-49E0-B7A7-F92377B7DAB4}.Debug|x64.Build.0 = Debug|x64
		{B185A324-7D54-49E0-B7A7-F92377B7DAB4}.Debug|x86.ActiveCfg = Debug|x86
		{B185A324-7D54-49E0-B7A7-F92377B7DAB4}.Debug|x86.Build.0 = Debug|x86
		{B185A324-7D54-49E0-B7A7-F92377B7DAB4}.Release|Any CPU.ActiveCfg = Release|Any CPU
		{B185A324-7D54-49E0-B7A7-F92377B7DAB4}.Release|Any CPU.Build.0 = Release|Any CPU
		{B185A324-7D54-49E0-B7A7-F92377B7DAB4}.Release|ARM.ActiveCfg = Release|Any CPU
		{B185A324-7D54-49E0-B7A7-F92377B7DAB4}.Release|x64.ActiveCfg = Release|Any CPU
		{B185A324-7D54-49E0-B7A7-F92377B7DAB4}.Release|x86.ActiveCfg = Release|x86
		{B185A324-7D54-49E0-B7A7-F92377B7DAB4}.Release|x86.Build.0 = Release|x86
		{70DC925C-1EFC-4F93-9CFE-5B29B1F303C7}.Debug Native|Any CPU.ActiveCfg = Debug Native|Any CPU
		{70DC925C-1EFC-4F93-9CFE-5B29B1F303C7}.Debug Native|ARM.ActiveCfg = Debug Native|Any CPU
		{70DC925C-1EFC-4F93-9CFE-5B29B1F303C7}.Debug Native|ARM.Build.0 = Debug Native|Any CPU
		{70DC925C-1EFC-4F93-9CFE-5B29B1F303C7}.Debug Native|x64.ActiveCfg = Debug Native|Any CPU
		{70DC925C-1EFC-4F93-9CFE-5B29B1F303C7}.Debug Native|x64.Build.0 = Debug Native|Any CPU
		{70DC925C-1EFC-4F93-9CFE-5B29B1F303C7}.Debug Native|x86.ActiveCfg = Debug Native|Any CPU
		{70DC925C-1EFC-4F93-9CFE-5B29B1F303C7}.Debug Native|x86.Build.0 = Debug Native|Any CPU
		{70DC925C-1EFC-4F93-9CFE-5B29B1F303C7}.Debug|Any CPU.ActiveCfg = Debug|Any CPU
		{70DC925C-1EFC-4F93-9CFE-5B29B1F303C7}.Debug|Any CPU.Build.0 = Debug|Any CPU
		{70DC925C-1EFC-4F93-9CFE-5B29B1F303C7}.Debug|ARM.ActiveCfg = Debug|Any CPU
		{70DC925C-1EFC-4F93-9CFE-5B29B1F303C7}.Debug|x64.ActiveCfg = Debug|Any CPU
		{70DC925C-1EFC-4F93-9CFE-5B29B1F303C7}.Debug|x86.ActiveCfg = Debug|Any CPU
		{70DC925C-1EFC-4F93-9CFE-5B29B1F303C7}.Release|Any CPU.ActiveCfg = Release|Any CPU
		{70DC925C-1EFC-4F93-9CFE-5B29B1F303C7}.Release|Any CPU.Build.0 = Release|Any CPU
		{70DC925C-1EFC-4F93-9CFE-5B29B1F303C7}.Release|ARM.ActiveCfg = Release|Any CPU
		{70DC925C-1EFC-4F93-9CFE-5B29B1F303C7}.Release|x64.ActiveCfg = Release|Any CPU
		{70DC925C-1EFC-4F93-9CFE-5B29B1F303C7}.Release|x86.ActiveCfg = Release|Any CPU
		{1873423F-A465-4F8D-812C-A42239EF9019}.Debug Native|Any CPU.ActiveCfg = Debug Native|Any CPU
		{1873423F-A465-4F8D-812C-A42239EF9019}.Debug Native|Any CPU.Build.0 = Debug Native|Any CPU
		{1873423F-A465-4F8D-812C-A42239EF9019}.Debug Native|ARM.ActiveCfg = Debug Native|Any CPU
		{1873423F-A465-4F8D-812C-A42239EF9019}.Debug Native|ARM.Build.0 = Debug Native|Any CPU
		{1873423F-A465-4F8D-812C-A42239EF9019}.Debug Native|x64.ActiveCfg = Debug Native|x64
		{1873423F-A465-4F8D-812C-A42239EF9019}.Debug Native|x64.Build.0 = Debug Native|x64
		{1873423F-A465-4F8D-812C-A42239EF9019}.Debug Native|x86.ActiveCfg = Debug Native|x86
		{1873423F-A465-4F8D-812C-A42239EF9019}.Debug Native|x86.Build.0 = Debug Native|x86
		{1873423F-A465-4F8D-812C-A42239EF9019}.Debug|Any CPU.ActiveCfg = Debug|Any CPU
		{1873423F-A465-4F8D-812C-A42239EF9019}.Debug|Any CPU.Build.0 = Debug|Any CPU
		{1873423F-A465-4F8D-812C-A42239EF9019}.Debug|ARM.ActiveCfg = Debug|Any CPU
		{1873423F-A465-4F8D-812C-A42239EF9019}.Debug|x64.ActiveCfg = Debug|Any CPU
		{1873423F-A465-4F8D-812C-A42239EF9019}.Debug|x64.Build.0 = Debug|Any CPU
		{1873423F-A465-4F8D-812C-A42239EF9019}.Debug|x86.ActiveCfg = Debug|x86
		{1873423F-A465-4F8D-812C-A42239EF9019}.Debug|x86.Build.0 = Debug|x86
		{1873423F-A465-4F8D-812C-A42239EF9019}.Release|Any CPU.ActiveCfg = Release|Any CPU
		{1873423F-A465-4F8D-812C-A42239EF9019}.Release|Any CPU.Build.0 = Release|Any CPU
		{1873423F-A465-4F8D-812C-A42239EF9019}.Release|ARM.ActiveCfg = Release|Any CPU
		{1873423F-A465-4F8D-812C-A42239EF9019}.Release|x64.ActiveCfg = Release|Any CPU
		{1873423F-A465-4F8D-812C-A42239EF9019}.Release|x86.ActiveCfg = Release|Any CPU
		{25DA14CD-7F5A-4EA4-88E4-EC4DD9AA849F}.Debug Native|Any CPU.ActiveCfg = Debug Native|Any CPU
		{25DA14CD-7F5A-4EA4-88E4-EC4DD9AA849F}.Debug Native|Any CPU.Build.0 = Debug Native|Any CPU
		{25DA14CD-7F5A-4EA4-88E4-EC4DD9AA849F}.Debug Native|ARM.ActiveCfg = Debug Native|ARM
		{25DA14CD-7F5A-4EA4-88E4-EC4DD9AA849F}.Debug Native|ARM.Build.0 = Debug Native|ARM
		{25DA14CD-7F5A-4EA4-88E4-EC4DD9AA849F}.Debug Native|x64.ActiveCfg = Debug Native|x64
		{25DA14CD-7F5A-4EA4-88E4-EC4DD9AA849F}.Debug Native|x64.Build.0 = Debug Native|x64
		{25DA14CD-7F5A-4EA4-88E4-EC4DD9AA849F}.Debug Native|x86.ActiveCfg = Debug Native|x86
		{25DA14CD-7F5A-4EA4-88E4-EC4DD9AA849F}.Debug Native|x86.Build.0 = Debug Native|x86
		{25DA14CD-7F5A-4EA4-88E4-EC4DD9AA849F}.Debug|Any CPU.ActiveCfg = Debug|Any CPU
		{25DA14CD-7F5A-4EA4-88E4-EC4DD9AA849F}.Debug|Any CPU.Build.0 = Debug|Any CPU
		{25DA14CD-7F5A-4EA4-88E4-EC4DD9AA849F}.Debug|ARM.ActiveCfg = Debug|ARM
		{25DA14CD-7F5A-4EA4-88E4-EC4DD9AA849F}.Debug|ARM.Build.0 = Debug|ARM
		{25DA14CD-7F5A-4EA4-88E4-EC4DD9AA849F}.Debug|x64.ActiveCfg = Debug|x64
		{25DA14CD-7F5A-4EA4-88E4-EC4DD9AA849F}.Debug|x64.Build.0 = Debug|x64
		{25DA14CD-7F5A-4EA4-88E4-EC4DD9AA849F}.Debug|x86.ActiveCfg = Debug|x86
		{25DA14CD-7F5A-4EA4-88E4-EC4DD9AA849F}.Debug|x86.Build.0 = Debug|x86
		{25DA14CD-7F5A-4EA4-88E4-EC4DD9AA849F}.Release|Any CPU.ActiveCfg = Release|Any CPU
		{25DA14CD-7F5A-4EA4-88E4-EC4DD9AA849F}.Release|Any CPU.Build.0 = Release|Any CPU
		{25DA14CD-7F5A-4EA4-88E4-EC4DD9AA849F}.Release|ARM.ActiveCfg = Release|Any CPU
		{25DA14CD-7F5A-4EA4-88E4-EC4DD9AA849F}.Release|x64.ActiveCfg = Release|Any CPU
		{25DA14CD-7F5A-4EA4-88E4-EC4DD9AA849F}.Release|x86.ActiveCfg = Release|x86
		{25DA14CD-7F5A-4EA4-88E4-EC4DD9AA849F}.Release|x86.Build.0 = Release|x86
		{714AC00F-7831-4967-81C4-5A12688188D6}.Debug Native|Any CPU.ActiveCfg = Debug Native|Any CPU
		{714AC00F-7831-4967-81C4-5A12688188D6}.Debug Native|ARM.ActiveCfg = Debug Native|Any CPU
		{714AC00F-7831-4967-81C4-5A12688188D6}.Debug Native|ARM.Build.0 = Debug Native|Any CPU
		{714AC00F-7831-4967-81C4-5A12688188D6}.Debug Native|x64.ActiveCfg = Debug Native|x64
		{714AC00F-7831-4967-81C4-5A12688188D6}.Debug Native|x86.ActiveCfg = Debug Native|x86
		{714AC00F-7831-4967-81C4-5A12688188D6}.Debug|Any CPU.ActiveCfg = Debug|Any CPU
		{714AC00F-7831-4967-81C4-5A12688188D6}.Debug|Any CPU.Build.0 = Debug|Any CPU
		{714AC00F-7831-4967-81C4-5A12688188D6}.Debug|ARM.ActiveCfg = Debug|Any CPU
		{714AC00F-7831-4967-81C4-5A12688188D6}.Debug|x64.ActiveCfg = Debug|Any CPU
		{714AC00F-7831-4967-81C4-5A12688188D6}.Debug|x86.ActiveCfg = Debug|x86
		{714AC00F-7831-4967-81C4-5A12688188D6}.Release|Any CPU.ActiveCfg = Release|Any CPU
		{714AC00F-7831-4967-81C4-5A12688188D6}.Release|Any CPU.Build.0 = Release|Any CPU
		{714AC00F-7831-4967-81C4-5A12688188D6}.Release|ARM.ActiveCfg = Release|Any CPU
		{714AC00F-7831-4967-81C4-5A12688188D6}.Release|x64.ActiveCfg = Release|Any CPU
		{714AC00F-7831-4967-81C4-5A12688188D6}.Release|x86.ActiveCfg = Release|Any CPU
		{429BDE88-3BEC-4123-8578-6691AD7012FE}.Debug Native|Any CPU.ActiveCfg = Debug Native|Any CPU
		{429BDE88-3BEC-4123-8578-6691AD7012FE}.Debug Native|Any CPU.Build.0 = Debug Native|Any CPU
		{429BDE88-3BEC-4123-8578-6691AD7012FE}.Debug Native|Any CPU.Deploy.0 = Debug Native|Any CPU
		{429BDE88-3BEC-4123-8578-6691AD7012FE}.Debug Native|ARM.ActiveCfg = Debug Native|ARM
		{429BDE88-3BEC-4123-8578-6691AD7012FE}.Debug Native|ARM.Build.0 = Debug Native|ARM
		{429BDE88-3BEC-4123-8578-6691AD7012FE}.Debug Native|ARM.Deploy.0 = Debug Native|ARM
		{429BDE88-3BEC-4123-8578-6691AD7012FE}.Debug Native|x64.ActiveCfg = Debug Native|x64
		{429BDE88-3BEC-4123-8578-6691AD7012FE}.Debug Native|x64.Build.0 = Debug Native|x64
		{429BDE88-3BEC-4123-8578-6691AD7012FE}.Debug Native|x64.Deploy.0 = Debug Native|x64
		{429BDE88-3BEC-4123-8578-6691AD7012FE}.Debug Native|x86.ActiveCfg = Debug Native|x86
		{429BDE88-3BEC-4123-8578-6691AD7012FE}.Debug Native|x86.Build.0 = Debug Native|x86
		{429BDE88-3BEC-4123-8578-6691AD7012FE}.Debug Native|x86.Deploy.0 = Debug Native|x86
		{429BDE88-3BEC-4123-8578-6691AD7012FE}.Debug|Any CPU.ActiveCfg = Debug|Any CPU
		{429BDE88-3BEC-4123-8578-6691AD7012FE}.Debug|Any CPU.Build.0 = Debug|Any CPU
		{429BDE88-3BEC-4123-8578-6691AD7012FE}.Debug|Any CPU.Deploy.0 = Debug|Any CPU
		{429BDE88-3BEC-4123-8578-6691AD7012FE}.Debug|ARM.ActiveCfg = Debug|ARM
		{429BDE88-3BEC-4123-8578-6691AD7012FE}.Debug|ARM.Build.0 = Debug|ARM
		{429BDE88-3BEC-4123-8578-6691AD7012FE}.Debug|ARM.Deploy.0 = Debug|ARM
		{429BDE88-3BEC-4123-8578-6691AD7012FE}.Debug|x64.ActiveCfg = Debug|x64
		{429BDE88-3BEC-4123-8578-6691AD7012FE}.Debug|x64.Build.0 = Debug|x64
		{429BDE88-3BEC-4123-8578-6691AD7012FE}.Debug|x64.Deploy.0 = Debug|x64
		{429BDE88-3BEC-4123-8578-6691AD7012FE}.Debug|x86.ActiveCfg = Debug|x86
		{429BDE88-3BEC-4123-8578-6691AD7012FE}.Debug|x86.Build.0 = Debug|x86
		{429BDE88-3BEC-4123-8578-6691AD7012FE}.Debug|x86.Deploy.0 = Debug|x86
		{429BDE88-3BEC-4123-8578-6691AD7012FE}.Release|Any CPU.ActiveCfg = Release|Any CPU
		{429BDE88-3BEC-4123-8578-6691AD7012FE}.Release|Any CPU.Build.0 = Release|Any CPU
		{429BDE88-3BEC-4123-8578-6691AD7012FE}.Release|Any CPU.Deploy.0 = Release|Any CPU
		{429BDE88-3BEC-4123-8578-6691AD7012FE}.Release|ARM.ActiveCfg = Release|ARM
		{429BDE88-3BEC-4123-8578-6691AD7012FE}.Release|ARM.Build.0 = Release|ARM
		{429BDE88-3BEC-4123-8578-6691AD7012FE}.Release|ARM.Deploy.0 = Release|ARM
		{429BDE88-3BEC-4123-8578-6691AD7012FE}.Release|x64.ActiveCfg = Release|x64
		{429BDE88-3BEC-4123-8578-6691AD7012FE}.Release|x64.Build.0 = Release|x64
		{429BDE88-3BEC-4123-8578-6691AD7012FE}.Release|x64.Deploy.0 = Release|x64
		{429BDE88-3BEC-4123-8578-6691AD7012FE}.Release|x86.ActiveCfg = Release|x86
		{429BDE88-3BEC-4123-8578-6691AD7012FE}.Release|x86.Build.0 = Release|x86
		{429BDE88-3BEC-4123-8578-6691AD7012FE}.Release|x86.Deploy.0 = Release|x86
		{58FA87C5-8138-480D-B15E-261F8C9B2C24}.Debug Native|Any CPU.ActiveCfg = Debug Native|Any CPU
		{58FA87C5-8138-480D-B15E-261F8C9B2C24}.Debug Native|Any CPU.Build.0 = Debug Native|Any CPU
		{58FA87C5-8138-480D-B15E-261F8C9B2C24}.Debug Native|ARM.ActiveCfg = Debug Native|ARM
		{58FA87C5-8138-480D-B15E-261F8C9B2C24}.Debug Native|ARM.Build.0 = Debug Native|ARM
		{58FA87C5-8138-480D-B15E-261F8C9B2C24}.Debug Native|x64.ActiveCfg = Debug Native|x64
		{58FA87C5-8138-480D-B15E-261F8C9B2C24}.Debug Native|x64.Build.0 = Debug Native|x64
		{58FA87C5-8138-480D-B15E-261F8C9B2C24}.Debug Native|x86.ActiveCfg = Debug Native|x86
		{58FA87C5-8138-480D-B15E-261F8C9B2C24}.Debug Native|x86.Build.0 = Debug Native|x86
		{58FA87C5-8138-480D-B15E-261F8C9B2C24}.Debug|Any CPU.ActiveCfg = Debug|Any CPU
		{58FA87C5-8138-480D-B15E-261F8C9B2C24}.Debug|Any CPU.Build.0 = Debug|Any CPU
		{58FA87C5-8138-480D-B15E-261F8C9B2C24}.Debug|ARM.ActiveCfg = Debug|ARM
		{58FA87C5-8138-480D-B15E-261F8C9B2C24}.Debug|ARM.Build.0 = Debug|ARM
		{58FA87C5-8138-480D-B15E-261F8C9B2C24}.Debug|x64.ActiveCfg = Debug|x64
		{58FA87C5-8138-480D-B15E-261F8C9B2C24}.Debug|x64.Build.0 = Debug|x64
		{58FA87C5-8138-480D-B15E-261F8C9B2C24}.Debug|x86.ActiveCfg = Debug|x86
		{58FA87C5-8138-480D-B15E-261F8C9B2C24}.Debug|x86.Build.0 = Debug|x86
		{58FA87C5-8138-480D-B15E-261F8C9B2C24}.Release|Any CPU.ActiveCfg = Release|Any CPU
		{58FA87C5-8138-480D-B15E-261F8C9B2C24}.Release|Any CPU.Build.0 = Release|Any CPU
		{58FA87C5-8138-480D-B15E-261F8C9B2C24}.Release|ARM.ActiveCfg = Release|ARM
		{58FA87C5-8138-480D-B15E-261F8C9B2C24}.Release|ARM.Build.0 = Release|ARM
		{58FA87C5-8138-480D-B15E-261F8C9B2C24}.Release|x64.ActiveCfg = Release|x64
		{58FA87C5-8138-480D-B15E-261F8C9B2C24}.Release|x64.Build.0 = Release|x64
		{58FA87C5-8138-480D-B15E-261F8C9B2C24}.Release|x86.ActiveCfg = Release|x86
		{58FA87C5-8138-480D-B15E-261F8C9B2C24}.Release|x86.Build.0 = Release|x86
		{683E91D4-F73B-40BC-AB83-48874C8D9483}.Debug Native|Any CPU.ActiveCfg = Debug Native|Any CPU
		{683E91D4-F73B-40BC-AB83-48874C8D9483}.Debug Native|Any CPU.Build.0 = Debug Native|Any CPU
		{683E91D4-F73B-40BC-AB83-48874C8D9483}.Debug Native|ARM.ActiveCfg = Debug Native|Any CPU
		{683E91D4-F73B-40BC-AB83-48874C8D9483}.Debug Native|ARM.Build.0 = Debug Native|Any CPU
		{683E91D4-F73B-40BC-AB83-48874C8D9483}.Debug Native|x64.ActiveCfg = Debug Native|x64
		{683E91D4-F73B-40BC-AB83-48874C8D9483}.Debug Native|x64.Build.0 = Debug Native|x64
		{683E91D4-F73B-40BC-AB83-48874C8D9483}.Debug Native|x86.ActiveCfg = Debug Native|x86
		{683E91D4-F73B-40BC-AB83-48874C8D9483}.Debug Native|x86.Build.0 = Debug Native|x86
		{683E91D4-F73B-40BC-AB83-48874C8D9483}.Debug|Any CPU.ActiveCfg = Debug|Any CPU
		{683E91D4-F73B-40BC-AB83-48874C8D9483}.Debug|Any CPU.Build.0 = Debug|Any CPU
		{683E91D4-F73B-40BC-AB83-48874C8D9483}.Debug|ARM.ActiveCfg = Debug|Any CPU
		{683E91D4-F73B-40BC-AB83-48874C8D9483}.Debug|x64.ActiveCfg = Debug|x64
		{683E91D4-F73B-40BC-AB83-48874C8D9483}.Debug|x64.Build.0 = Debug|x64
		{683E91D4-F73B-40BC-AB83-48874C8D9483}.Debug|x86.ActiveCfg = Debug|x86
		{683E91D4-F73B-40BC-AB83-48874C8D9483}.Debug|x86.Build.0 = Debug|x86
		{683E91D4-F73B-40BC-AB83-48874C8D9483}.Release|Any CPU.ActiveCfg = Release|Any CPU
		{683E91D4-F73B-40BC-AB83-48874C8D9483}.Release|Any CPU.Build.0 = Release|Any CPU
		{683E91D4-F73B-40BC-AB83-48874C8D9483}.Release|ARM.ActiveCfg = Release|Any CPU
		{683E91D4-F73B-40BC-AB83-48874C8D9483}.Release|x64.ActiveCfg = Release|Any CPU
		{683E91D4-F73B-40BC-AB83-48874C8D9483}.Release|x86.ActiveCfg = Release|x86
		{683E91D4-F73B-40BC-AB83-48874C8D9483}.Release|x86.Build.0 = Release|x86
		{D19ED892-1B57-4575-BA61-FA4B6BA1BD55}.Debug Native|Any CPU.ActiveCfg = Debug Native|Any CPU
		{D19ED892-1B57-4575-BA61-FA4B6BA1BD55}.Debug Native|Any CPU.Build.0 = Debug Native|Any CPU
		{D19ED892-1B57-4575-BA61-FA4B6BA1BD55}.Debug Native|ARM.ActiveCfg = Debug Native|Any CPU
		{D19ED892-1B57-4575-BA61-FA4B6BA1BD55}.Debug Native|ARM.Build.0 = Debug Native|Any CPU
		{D19ED892-1B57-4575-BA61-FA4B6BA1BD55}.Debug Native|x64.ActiveCfg = Debug Native|x64
		{D19ED892-1B57-4575-BA61-FA4B6BA1BD55}.Debug Native|x64.Build.0 = Debug Native|x64
		{D19ED892-1B57-4575-BA61-FA4B6BA1BD55}.Debug Native|x86.ActiveCfg = Debug Native|x86
		{D19ED892-1B57-4575-BA61-FA4B6BA1BD55}.Debug Native|x86.Build.0 = Debug Native|x86
		{D19ED892-1B57-4575-BA61-FA4B6BA1BD55}.Debug|Any CPU.ActiveCfg = Debug|Any CPU
		{D19ED892-1B57-4575-BA61-FA4B6BA1BD55}.Debug|Any CPU.Build.0 = Debug|Any CPU
		{D19ED892-1B57-4575-BA61-FA4B6BA1BD55}.Debug|ARM.ActiveCfg = Debug|Any CPU
		{D19ED892-1B57-4575-BA61-FA4B6BA1BD55}.Debug|x64.ActiveCfg = Debug|x64
		{D19ED892-1B57-4575-BA61-FA4B6BA1BD55}.Debug|x64.Build.0 = Debug|x64
		{D19ED892-1B57-4575-BA61-FA4B6BA1BD55}.Debug|x86.ActiveCfg = Debug|x86
		{D19ED892-1B57-4575-BA61-FA4B6BA1BD55}.Debug|x86.Build.0 = Debug|x86
		{D19ED892-1B57-4575-BA61-FA4B6BA1BD55}.Release|Any CPU.ActiveCfg = Release|Any CPU
		{D19ED892-1B57-4575-BA61-FA4B6BA1BD55}.Release|Any CPU.Build.0 = Release|Any CPU
		{D19ED892-1B57-4575-BA61-FA4B6BA1BD55}.Release|ARM.ActiveCfg = Release|Any CPU
		{D19ED892-1B57-4575-BA61-FA4B6BA1BD55}.Release|x64.ActiveCfg = Release|Any CPU
		{D19ED892-1B57-4575-BA61-FA4B6BA1BD55}.Release|x86.ActiveCfg = Release|x86
		{D19ED892-1B57-4575-BA61-FA4B6BA1BD55}.Release|x86.Build.0 = Release|x86
		{A5632C6E-0605-4E7D-90A6-E3F690DE8C35}.Debug Native|Any CPU.ActiveCfg = Debug Native|Any CPU
		{A5632C6E-0605-4E7D-90A6-E3F690DE8C35}.Debug Native|Any CPU.Build.0 = Debug Native|Any CPU
		{A5632C6E-0605-4E7D-90A6-E3F690DE8C35}.Debug Native|ARM.ActiveCfg = Debug Native|ARM
		{A5632C6E-0605-4E7D-90A6-E3F690DE8C35}.Debug Native|ARM.Build.0 = Debug Native|ARM
		{A5632C6E-0605-4E7D-90A6-E3F690DE8C35}.Debug Native|x64.ActiveCfg = Debug Native|x64
		{A5632C6E-0605-4E7D-90A6-E3F690DE8C35}.Debug Native|x64.Build.0 = Debug Native|x64
		{A5632C6E-0605-4E7D-90A6-E3F690DE8C35}.Debug Native|x86.ActiveCfg = Debug Native|x86
		{A5632C6E-0605-4E7D-90A6-E3F690DE8C35}.Debug Native|x86.Build.0 = Debug Native|x86
		{A5632C6E-0605-4E7D-90A6-E3F690DE8C35}.Debug|Any CPU.ActiveCfg = Debug|Any CPU
		{A5632C6E-0605-4E7D-90A6-E3F690DE8C35}.Debug|Any CPU.Build.0 = Debug|Any CPU
		{A5632C6E-0605-4E7D-90A6-E3F690DE8C35}.Debug|ARM.ActiveCfg = Debug|ARM
		{A5632C6E-0605-4E7D-90A6-E3F690DE8C35}.Debug|ARM.Build.0 = Debug|ARM
		{A5632C6E-0605-4E7D-90A6-E3F690DE8C35}.Debug|x64.ActiveCfg = Debug|x64
		{A5632C6E-0605-4E7D-90A6-E3F690DE8C35}.Debug|x64.Build.0 = Debug|x64
		{A5632C6E-0605-4E7D-90A6-E3F690DE8C35}.Debug|x86.ActiveCfg = Debug|x86
		{A5632C6E-0605-4E7D-90A6-E3F690DE8C35}.Debug|x86.Build.0 = Debug|x86
		{A5632C6E-0605-4E7D-90A6-E3F690DE8C35}.Release|Any CPU.ActiveCfg = Release|Any CPU
		{A5632C6E-0605-4E7D-90A6-E3F690DE8C35}.Release|Any CPU.Build.0 = Release|Any CPU
		{A5632C6E-0605-4E7D-90A6-E3F690DE8C35}.Release|ARM.ActiveCfg = Release|ARM
		{A5632C6E-0605-4E7D-90A6-E3F690DE8C35}.Release|ARM.Build.0 = Release|ARM
		{A5632C6E-0605-4E7D-90A6-E3F690DE8C35}.Release|x64.ActiveCfg = Release|x64
		{A5632C6E-0605-4E7D-90A6-E3F690DE8C35}.Release|x64.Build.0 = Release|x64
		{A5632C6E-0605-4E7D-90A6-E3F690DE8C35}.Release|x86.ActiveCfg = Release|x86
		{A5632C6E-0605-4E7D-90A6-E3F690DE8C35}.Release|x86.Build.0 = Release|x86
		{F7E53C6E-C0CE-4C17-BC44-26C642FFCC7D}.Debug Native|Any CPU.ActiveCfg = Debug Native|Any CPU
		{F7E53C6E-C0CE-4C17-BC44-26C642FFCC7D}.Debug Native|Any CPU.Build.0 = Debug Native|Any CPU
		{F7E53C6E-C0CE-4C17-BC44-26C642FFCC7D}.Debug Native|ARM.ActiveCfg = Debug Native|ARM
		{F7E53C6E-C0CE-4C17-BC44-26C642FFCC7D}.Debug Native|ARM.Build.0 = Debug Native|ARM
		{F7E53C6E-C0CE-4C17-BC44-26C642FFCC7D}.Debug Native|x64.ActiveCfg = Debug Native|x64
		{F7E53C6E-C0CE-4C17-BC44-26C642FFCC7D}.Debug Native|x64.Build.0 = Debug Native|x64
		{F7E53C6E-C0CE-4C17-BC44-26C642FFCC7D}.Debug Native|x86.ActiveCfg = Debug Native|x86
		{F7E53C6E-C0CE-4C17-BC44-26C642FFCC7D}.Debug Native|x86.Build.0 = Debug Native|x86
		{F7E53C6E-C0CE-4C17-BC44-26C642FFCC7D}.Debug|Any CPU.ActiveCfg = Debug|Any CPU
		{F7E53C6E-C0CE-4C17-BC44-26C642FFCC7D}.Debug|Any CPU.Build.0 = Debug|Any CPU
		{F7E53C6E-C0CE-4C17-BC44-26C642FFCC7D}.Debug|ARM.ActiveCfg = Debug|ARM
		{F7E53C6E-C0CE-4C17-BC44-26C642FFCC7D}.Debug|ARM.Build.0 = Debug|ARM
		{F7E53C6E-C0CE-4C17-BC44-26C642FFCC7D}.Debug|x64.ActiveCfg = Debug|x64
		{F7E53C6E-C0CE-4C17-BC44-26C642FFCC7D}.Debug|x64.Build.0 = Debug|x64
		{F7E53C6E-C0CE-4C17-BC44-26C642FFCC7D}.Debug|x86.ActiveCfg = Debug|x86
		{F7E53C6E-C0CE-4C17-BC44-26C642FFCC7D}.Debug|x86.Build.0 = Debug|x86
		{F7E53C6E-C0CE-4C17-BC44-26C642FFCC7D}.Release|Any CPU.ActiveCfg = Release|Any CPU
		{F7E53C6E-C0CE-4C17-BC44-26C642FFCC7D}.Release|Any CPU.Build.0 = Release|Any CPU
		{F7E53C6E-C0CE-4C17-BC44-26C642FFCC7D}.Release|ARM.ActiveCfg = Release|Any CPU
		{F7E53C6E-C0CE-4C17-BC44-26C642FFCC7D}.Release|ARM.Build.0 = Release|Any CPU
		{F7E53C6E-C0CE-4C17-BC44-26C642FFCC7D}.Release|x64.ActiveCfg = Release|Any CPU
		{F7E53C6E-C0CE-4C17-BC44-26C642FFCC7D}.Release|x64.Build.0 = Release|Any CPU
		{F7E53C6E-C0CE-4C17-BC44-26C642FFCC7D}.Release|x86.ActiveCfg = Release|x86
		{F7E53C6E-C0CE-4C17-BC44-26C642FFCC7D}.Release|x86.Build.0 = Release|x86
		{C880B086-B7F2-4B5A-830E-9AAEEDF063F8}.Debug Native|Any CPU.ActiveCfg = Debug Native|Any CPU
		{C880B086-B7F2-4B5A-830E-9AAEEDF063F8}.Debug Native|Any CPU.Build.0 = Debug Native|Any CPU
		{C880B086-B7F2-4B5A-830E-9AAEEDF063F8}.Debug Native|ARM.ActiveCfg = Debug Native|Any CPU
		{C880B086-B7F2-4B5A-830E-9AAEEDF063F8}.Debug Native|ARM.Build.0 = Debug Native|Any CPU
		{C880B086-B7F2-4B5A-830E-9AAEEDF063F8}.Debug Native|x64.ActiveCfg = Debug Native|x64
		{C880B086-B7F2-4B5A-830E-9AAEEDF063F8}.Debug Native|x64.Build.0 = Debug Native|x64
		{C880B086-B7F2-4B5A-830E-9AAEEDF063F8}.Debug Native|x86.ActiveCfg = Debug Native|x86
		{C880B086-B7F2-4B5A-830E-9AAEEDF063F8}.Debug Native|x86.Build.0 = Debug Native|x86
		{C880B086-B7F2-4B5A-830E-9AAEEDF063F8}.Debug|Any CPU.ActiveCfg = Debug|Any CPU
		{C880B086-B7F2-4B5A-830E-9AAEEDF063F8}.Debug|Any CPU.Build.0 = Debug|Any CPU
		{C880B086-B7F2-4B5A-830E-9AAEEDF063F8}.Debug|ARM.ActiveCfg = Debug|Any CPU
		{C880B086-B7F2-4B5A-830E-9AAEEDF063F8}.Debug|x64.ActiveCfg = Debug|x64
		{C880B086-B7F2-4B5A-830E-9AAEEDF063F8}.Debug|x64.Build.0 = Debug|x64
		{C880B086-B7F2-4B5A-830E-9AAEEDF063F8}.Debug|x86.ActiveCfg = Debug|x86
		{C880B086-B7F2-4B5A-830E-9AAEEDF063F8}.Debug|x86.Build.0 = Debug|x86
		{C880B086-B7F2-4B5A-830E-9AAEEDF063F8}.Release|Any CPU.ActiveCfg = Release|Any CPU
		{C880B086-B7F2-4B5A-830E-9AAEEDF063F8}.Release|Any CPU.Build.0 = Release|Any CPU
		{C880B086-B7F2-4B5A-830E-9AAEEDF063F8}.Release|ARM.ActiveCfg = Release|Any CPU
		{C880B086-B7F2-4B5A-830E-9AAEEDF063F8}.Release|ARM.Build.0 = Release|Any CPU
		{C880B086-B7F2-4B5A-830E-9AAEEDF063F8}.Release|x64.ActiveCfg = Release|Any CPU
		{C880B086-B7F2-4B5A-830E-9AAEEDF063F8}.Release|x64.Build.0 = Release|Any CPU
		{C880B086-B7F2-4B5A-830E-9AAEEDF063F8}.Release|x86.ActiveCfg = Release|x86
		{358C45D9-DDB0-419E-BD92-A3FE04AD04CC}.Debug Native|Any CPU.ActiveCfg = Debug Native|Any CPU
		{358C45D9-DDB0-419E-BD92-A3FE04AD04CC}.Debug Native|Any CPU.Build.0 = Debug Native|Any CPU
		{358C45D9-DDB0-419E-BD92-A3FE04AD04CC}.Debug Native|ARM.ActiveCfg = Debug Native|ARM
		{358C45D9-DDB0-419E-BD92-A3FE04AD04CC}.Debug Native|ARM.Build.0 = Debug Native|ARM
		{358C45D9-DDB0-419E-BD92-A3FE04AD04CC}.Debug Native|x64.ActiveCfg = Debug Native|x64
		{358C45D9-DDB0-419E-BD92-A3FE04AD04CC}.Debug Native|x64.Build.0 = Debug Native|x64
		{358C45D9-DDB0-419E-BD92-A3FE04AD04CC}.Debug Native|x86.ActiveCfg = Debug Native|x86
		{358C45D9-DDB0-419E-BD92-A3FE04AD04CC}.Debug Native|x86.Build.0 = Debug Native|x86
		{358C45D9-DDB0-419E-BD92-A3FE04AD04CC}.Debug|Any CPU.ActiveCfg = Debug|Any CPU
		{358C45D9-DDB0-419E-BD92-A3FE04AD04CC}.Debug|Any CPU.Build.0 = Debug|Any CPU
		{358C45D9-DDB0-419E-BD92-A3FE04AD04CC}.Debug|ARM.ActiveCfg = Debug|ARM
		{358C45D9-DDB0-419E-BD92-A3FE04AD04CC}.Debug|ARM.Build.0 = Debug|ARM
		{358C45D9-DDB0-419E-BD92-A3FE04AD04CC}.Debug|x64.ActiveCfg = Debug|x64
		{358C45D9-DDB0-419E-BD92-A3FE04AD04CC}.Debug|x64.Build.0 = Debug|x64
		{358C45D9-DDB0-419E-BD92-A3FE04AD04CC}.Debug|x86.ActiveCfg = Debug|x86
		{358C45D9-DDB0-419E-BD92-A3FE04AD04CC}.Debug|x86.Build.0 = Debug|x86
		{358C45D9-DDB0-419E-BD92-A3FE04AD04CC}.Release|Any CPU.ActiveCfg = Release|Any CPU
		{358C45D9-DDB0-419E-BD92-A3FE04AD04CC}.Release|Any CPU.Build.0 = Release|Any CPU
		{358C45D9-DDB0-419E-BD92-A3FE04AD04CC}.Release|ARM.ActiveCfg = Release|Any CPU
		{358C45D9-DDB0-419E-BD92-A3FE04AD04CC}.Release|ARM.Build.0 = Release|Any CPU
		{358C45D9-DDB0-419E-BD92-A3FE04AD04CC}.Release|x64.ActiveCfg = Release|Any CPU
		{358C45D9-DDB0-419E-BD92-A3FE04AD04CC}.Release|x64.Build.0 = Release|Any CPU
		{358C45D9-DDB0-419E-BD92-A3FE04AD04CC}.Release|x86.ActiveCfg = Release|x86
		{358C45D9-DDB0-419E-BD92-A3FE04AD04CC}.Release|x86.Build.0 = Release|x86
		{AABB7AC5-B73E-4E57-8B92-5066BF7BB6CB}.Debug Native|Any CPU.ActiveCfg = Debug Native|Any CPU
		{AABB7AC5-B73E-4E57-8B92-5066BF7BB6CB}.Debug Native|Any CPU.Build.0 = Debug Native|Any CPU
		{AABB7AC5-B73E-4E57-8B92-5066BF7BB6CB}.Debug Native|ARM.ActiveCfg = Debug Native|Any CPU
		{AABB7AC5-B73E-4E57-8B92-5066BF7BB6CB}.Debug Native|ARM.Build.0 = Debug Native|Any CPU
		{AABB7AC5-B73E-4E57-8B92-5066BF7BB6CB}.Debug Native|x64.ActiveCfg = Debug Native|x64
		{AABB7AC5-B73E-4E57-8B92-5066BF7BB6CB}.Debug Native|x64.Build.0 = Debug Native|x64
		{AABB7AC5-B73E-4E57-8B92-5066BF7BB6CB}.Debug Native|x86.ActiveCfg = Debug Native|x86
		{AABB7AC5-B73E-4E57-8B92-5066BF7BB6CB}.Debug Native|x86.Build.0 = Debug Native|x86
		{AABB7AC5-B73E-4E57-8B92-5066BF7BB6CB}.Debug|Any CPU.ActiveCfg = Debug|Any CPU
		{AABB7AC5-B73E-4E57-8B92-5066BF7BB6CB}.Debug|Any CPU.Build.0 = Debug|Any CPU
		{AABB7AC5-B73E-4E57-8B92-5066BF7BB6CB}.Debug|ARM.ActiveCfg = Debug|Any CPU
		{AABB7AC5-B73E-4E57-8B92-5066BF7BB6CB}.Debug|x64.ActiveCfg = Debug|x64
		{AABB7AC5-B73E-4E57-8B92-5066BF7BB6CB}.Debug|x64.Build.0 = Debug|x64
		{AABB7AC5-B73E-4E57-8B92-5066BF7BB6CB}.Debug|x86.ActiveCfg = Debug|x86
		{AABB7AC5-B73E-4E57-8B92-5066BF7BB6CB}.Debug|x86.Build.0 = Debug|x86
		{AABB7AC5-B73E-4E57-8B92-5066BF7BB6CB}.Release|Any CPU.ActiveCfg = Release|Any CPU
		{AABB7AC5-B73E-4E57-8B92-5066BF7BB6CB}.Release|Any CPU.Build.0 = Release|Any CPU
		{AABB7AC5-B73E-4E57-8B92-5066BF7BB6CB}.Release|ARM.ActiveCfg = Release|Any CPU
		{AABB7AC5-B73E-4E57-8B92-5066BF7BB6CB}.Release|ARM.Build.0 = Release|Any CPU
		{AABB7AC5-B73E-4E57-8B92-5066BF7BB6CB}.Release|x64.ActiveCfg = Release|Any CPU
		{AABB7AC5-B73E-4E57-8B92-5066BF7BB6CB}.Release|x64.Build.0 = Release|Any CPU
		{AABB7AC5-B73E-4E57-8B92-5066BF7BB6CB}.Release|x86.ActiveCfg = Release|x86
		{61B312B7-095E-4006-9484-82F3612F8E0F}.Debug Native|Any CPU.ActiveCfg = Debug Native|Any CPU
		{61B312B7-095E-4006-9484-82F3612F8E0F}.Debug Native|Any CPU.Build.0 = Debug Native|Any CPU
		{61B312B7-095E-4006-9484-82F3612F8E0F}.Debug Native|ARM.ActiveCfg = Debug Native|ARM
		{61B312B7-095E-4006-9484-82F3612F8E0F}.Debug Native|ARM.Build.0 = Debug Native|ARM
		{61B312B7-095E-4006-9484-82F3612F8E0F}.Debug Native|x64.ActiveCfg = Debug Native|x64
		{61B312B7-095E-4006-9484-82F3612F8E0F}.Debug Native|x64.Build.0 = Debug Native|x64
		{61B312B7-095E-4006-9484-82F3612F8E0F}.Debug Native|x86.ActiveCfg = Debug Native|x86
		{61B312B7-095E-4006-9484-82F3612F8E0F}.Debug Native|x86.Build.0 = Debug Native|x86
		{61B312B7-095E-4006-9484-82F3612F8E0F}.Debug|Any CPU.ActiveCfg = Debug|Any CPU
		{61B312B7-095E-4006-9484-82F3612F8E0F}.Debug|Any CPU.Build.0 = Debug|Any CPU
		{61B312B7-095E-4006-9484-82F3612F8E0F}.Debug|ARM.ActiveCfg = Debug|ARM
		{61B312B7-095E-4006-9484-82F3612F8E0F}.Debug|ARM.Build.0 = Debug|ARM
		{61B312B7-095E-4006-9484-82F3612F8E0F}.Debug|x64.ActiveCfg = Debug|x64
		{61B312B7-095E-4006-9484-82F3612F8E0F}.Debug|x64.Build.0 = Debug|x64
		{61B312B7-095E-4006-9484-82F3612F8E0F}.Debug|x86.ActiveCfg = Debug|x86
		{61B312B7-095E-4006-9484-82F3612F8E0F}.Debug|x86.Build.0 = Debug|x86
		{61B312B7-095E-4006-9484-82F3612F8E0F}.Release|Any CPU.ActiveCfg = Release|Any CPU
		{61B312B7-095E-4006-9484-82F3612F8E0F}.Release|Any CPU.Build.0 = Release|Any CPU
		{61B312B7-095E-4006-9484-82F3612F8E0F}.Release|ARM.ActiveCfg = Release|Any CPU
		{61B312B7-095E-4006-9484-82F3612F8E0F}.Release|ARM.Build.0 = Release|Any CPU
		{61B312B7-095E-4006-9484-82F3612F8E0F}.Release|x64.ActiveCfg = Release|Any CPU
		{61B312B7-095E-4006-9484-82F3612F8E0F}.Release|x64.Build.0 = Release|Any CPU
		{61B312B7-095E-4006-9484-82F3612F8E0F}.Release|x86.ActiveCfg = Release|x86
		{61B312B7-095E-4006-9484-82F3612F8E0F}.Release|x86.Build.0 = Release|x86
		{18F66CDC-40D7-4E54-9C18-390478334792}.Debug Native|Any CPU.ActiveCfg = Debug Native|Any CPU
		{18F66CDC-40D7-4E54-9C18-390478334792}.Debug Native|Any CPU.Build.0 = Debug Native|Any CPU
		{18F66CDC-40D7-4E54-9C18-390478334792}.Debug Native|ARM.ActiveCfg = Debug Native|ARM
		{18F66CDC-40D7-4E54-9C18-390478334792}.Debug Native|ARM.Build.0 = Debug Native|ARM
		{18F66CDC-40D7-4E54-9C18-390478334792}.Debug Native|x64.ActiveCfg = Debug Native|x64
		{18F66CDC-40D7-4E54-9C18-390478334792}.Debug Native|x64.Build.0 = Debug Native|x64
		{18F66CDC-40D7-4E54-9C18-390478334792}.Debug Native|x86.ActiveCfg = Debug Native|x86
		{18F66CDC-40D7-4E54-9C18-390478334792}.Debug Native|x86.Build.0 = Debug Native|x86
		{18F66CDC-40D7-4E54-9C18-390478334792}.Debug|Any CPU.ActiveCfg = Debug|Any CPU
		{18F66CDC-40D7-4E54-9C18-390478334792}.Debug|Any CPU.Build.0 = Debug|Any CPU
		{18F66CDC-40D7-4E54-9C18-390478334792}.Debug|ARM.ActiveCfg = Debug|ARM
		{18F66CDC-40D7-4E54-9C18-390478334792}.Debug|ARM.Build.0 = Debug|ARM
		{18F66CDC-40D7-4E54-9C18-390478334792}.Debug|x64.ActiveCfg = Debug|x64
		{18F66CDC-40D7-4E54-9C18-390478334792}.Debug|x64.Build.0 = Debug|x64
		{18F66CDC-40D7-4E54-9C18-390478334792}.Debug|x86.ActiveCfg = Debug|x86
		{18F66CDC-40D7-4E54-9C18-390478334792}.Debug|x86.Build.0 = Debug|x86
		{18F66CDC-40D7-4E54-9C18-390478334792}.Release|Any CPU.ActiveCfg = Release|Any CPU
		{18F66CDC-40D7-4E54-9C18-390478334792}.Release|Any CPU.Build.0 = Release|Any CPU
		{18F66CDC-40D7-4E54-9C18-390478334792}.Release|ARM.ActiveCfg = Release|Any CPU
		{18F66CDC-40D7-4E54-9C18-390478334792}.Release|ARM.Build.0 = Release|Any CPU
		{18F66CDC-40D7-4E54-9C18-390478334792}.Release|x64.ActiveCfg = Release|Any CPU
		{18F66CDC-40D7-4E54-9C18-390478334792}.Release|x64.Build.0 = Release|Any CPU
		{18F66CDC-40D7-4E54-9C18-390478334792}.Release|x86.ActiveCfg = Release|x86
		{18F66CDC-40D7-4E54-9C18-390478334792}.Release|x86.Build.0 = Release|x86
		{9FD6C60A-4BBD-44D4-A295-D9613AB300EB}.Debug Native|Any CPU.ActiveCfg = Debug Native|Any CPU
		{9FD6C60A-4BBD-44D4-A295-D9613AB300EB}.Debug Native|Any CPU.Build.0 = Debug Native|Any CPU
		{9FD6C60A-4BBD-44D4-A295-D9613AB300EB}.Debug Native|ARM.ActiveCfg = Debug Native|Any CPU
		{9FD6C60A-4BBD-44D4-A295-D9613AB300EB}.Debug Native|ARM.Build.0 = Debug Native|Any CPU
		{9FD6C60A-4BBD-44D4-A295-D9613AB300EB}.Debug Native|x64.ActiveCfg = Debug Native|x64
		{9FD6C60A-4BBD-44D4-A295-D9613AB300EB}.Debug Native|x64.Build.0 = Debug Native|x64
		{9FD6C60A-4BBD-44D4-A295-D9613AB300EB}.Debug Native|x86.ActiveCfg = Debug Native|x86
		{9FD6C60A-4BBD-44D4-A295-D9613AB300EB}.Debug Native|x86.Build.0 = Debug Native|x86
		{9FD6C60A-4BBD-44D4-A295-D9613AB300EB}.Debug|Any CPU.ActiveCfg = Debug|Any CPU
		{9FD6C60A-4BBD-44D4-A295-D9613AB300EB}.Debug|Any CPU.Build.0 = Debug|Any CPU
		{9FD6C60A-4BBD-44D4-A295-D9613AB300EB}.Debug|ARM.ActiveCfg = Debug|Any CPU
		{9FD6C60A-4BBD-44D4-A295-D9613AB300EB}.Debug|x64.ActiveCfg = Debug|x64
		{9FD6C60A-4BBD-44D4-A295-D9613AB300EB}.Debug|x64.Build.0 = Debug|x64
		{9FD6C60A-4BBD-44D4-A295-D9613AB300EB}.Debug|x86.ActiveCfg = Debug|x86
		{9FD6C60A-4BBD-44D4-A295-D9613AB300EB}.Debug|x86.Build.0 = Debug|x86
		{9FD6C60A-4BBD-44D4-A295-D9613AB300EB}.Release|Any CPU.ActiveCfg = Release|Any CPU
		{9FD6C60A-4BBD-44D4-A295-D9613AB300EB}.Release|Any CPU.Build.0 = Release|Any CPU
		{9FD6C60A-4BBD-44D4-A295-D9613AB300EB}.Release|ARM.ActiveCfg = Release|Any CPU
		{9FD6C60A-4BBD-44D4-A295-D9613AB300EB}.Release|ARM.Build.0 = Release|Any CPU
		{9FD6C60A-4BBD-44D4-A295-D9613AB300EB}.Release|x64.ActiveCfg = Release|Any CPU
		{9FD6C60A-4BBD-44D4-A295-D9613AB300EB}.Release|x64.Build.0 = Release|Any CPU
		{9FD6C60A-4BBD-44D4-A295-D9613AB300EB}.Release|x86.ActiveCfg = Release|x86
		{9FD6C60A-4BBD-44D4-A295-D9613AB300EB}.Release|x86.Build.0 = Release|x86
		{494AABA6-7F65-4B86-973D-8425BF83DE72}.Debug Native|Any CPU.ActiveCfg = Debug Native|Any CPU
		{494AABA6-7F65-4B86-973D-8425BF83DE72}.Debug Native|Any CPU.Build.0 = Debug Native|Any CPU
		{494AABA6-7F65-4B86-973D-8425BF83DE72}.Debug Native|ARM.ActiveCfg = Debug Native|Any CPU
		{494AABA6-7F65-4B86-973D-8425BF83DE72}.Debug Native|ARM.Build.0 = Debug Native|Any CPU
		{494AABA6-7F65-4B86-973D-8425BF83DE72}.Debug Native|x64.ActiveCfg = Debug Native|Any CPU
		{494AABA6-7F65-4B86-973D-8425BF83DE72}.Debug Native|x64.Build.0 = Debug Native|Any CPU
		{494AABA6-7F65-4B86-973D-8425BF83DE72}.Debug Native|x86.ActiveCfg = Debug Native|x86
		{494AABA6-7F65-4B86-973D-8425BF83DE72}.Debug Native|x86.Build.0 = Debug Native|x86
		{494AABA6-7F65-4B86-973D-8425BF83DE72}.Debug|Any CPU.ActiveCfg = Debug|Any CPU
		{494AABA6-7F65-4B86-973D-8425BF83DE72}.Debug|Any CPU.Build.0 = Debug|Any CPU
		{494AABA6-7F65-4B86-973D-8425BF83DE72}.Debug|ARM.ActiveCfg = Debug|Any CPU
		{494AABA6-7F65-4B86-973D-8425BF83DE72}.Debug|x64.ActiveCfg = Debug|Any CPU
		{494AABA6-7F65-4B86-973D-8425BF83DE72}.Debug|x64.Build.0 = Debug|Any CPU
		{494AABA6-7F65-4B86-973D-8425BF83DE72}.Debug|x86.ActiveCfg = Debug|x86
		{494AABA6-7F65-4B86-973D-8425BF83DE72}.Debug|x86.Build.0 = Debug|x86
		{494AABA6-7F65-4B86-973D-8425BF83DE72}.Release|Any CPU.ActiveCfg = Release|Any CPU
		{494AABA6-7F65-4B86-973D-8425BF83DE72}.Release|Any CPU.Build.0 = Release|Any CPU
		{494AABA6-7F65-4B86-973D-8425BF83DE72}.Release|ARM.ActiveCfg = Release|Any CPU
		{494AABA6-7F65-4B86-973D-8425BF83DE72}.Release|ARM.Build.0 = Release|Any CPU
		{494AABA6-7F65-4B86-973D-8425BF83DE72}.Release|x64.ActiveCfg = Release|Any CPU
		{494AABA6-7F65-4B86-973D-8425BF83DE72}.Release|x64.Build.0 = Release|Any CPU
		{494AABA6-7F65-4B86-973D-8425BF83DE72}.Release|x86.ActiveCfg = Release|x86
		{494AABA6-7F65-4B86-973D-8425BF83DE72}.Release|x86.Build.0 = Release|x86
		{8E96CBD0-C999-4DC6-BD64-CE70E71EAF29}.Debug Native|Any CPU.ActiveCfg = Debug Native|Any CPU
		{8E96CBD0-C999-4DC6-BD64-CE70E71EAF29}.Debug Native|Any CPU.Build.0 = Debug Native|Any CPU
		{8E96CBD0-C999-4DC6-BD64-CE70E71EAF29}.Debug Native|ARM.ActiveCfg = Debug Native|ARM
		{8E96CBD0-C999-4DC6-BD64-CE70E71EAF29}.Debug Native|ARM.Build.0 = Debug Native|ARM
		{8E96CBD0-C999-4DC6-BD64-CE70E71EAF29}.Debug Native|x64.ActiveCfg = Debug Native|x64
		{8E96CBD0-C999-4DC6-BD64-CE70E71EAF29}.Debug Native|x64.Build.0 = Debug Native|x64
		{8E96CBD0-C999-4DC6-BD64-CE70E71EAF29}.Debug Native|x86.ActiveCfg = Debug Native|x86
		{8E96CBD0-C999-4DC6-BD64-CE70E71EAF29}.Debug Native|x86.Build.0 = Debug Native|x86
		{8E96CBD0-C999-4DC6-BD64-CE70E71EAF29}.Debug|Any CPU.ActiveCfg = Debug|Any CPU
		{8E96CBD0-C999-4DC6-BD64-CE70E71EAF29}.Debug|Any CPU.Build.0 = Debug|Any CPU
		{8E96CBD0-C999-4DC6-BD64-CE70E71EAF29}.Debug|ARM.ActiveCfg = Debug|ARM
		{8E96CBD0-C999-4DC6-BD64-CE70E71EAF29}.Debug|ARM.Build.0 = Debug|ARM
		{8E96CBD0-C999-4DC6-BD64-CE70E71EAF29}.Debug|x64.ActiveCfg = Debug|x64
		{8E96CBD0-C999-4DC6-BD64-CE70E71EAF29}.Debug|x64.Build.0 = Debug|x64
		{8E96CBD0-C999-4DC6-BD64-CE70E71EAF29}.Debug|x86.ActiveCfg = Debug|x86
		{8E96CBD0-C999-4DC6-BD64-CE70E71EAF29}.Debug|x86.Build.0 = Debug|x86
		{8E96CBD0-C999-4DC6-BD64-CE70E71EAF29}.Release|Any CPU.ActiveCfg = Release|Any CPU
		{8E96CBD0-C999-4DC6-BD64-CE70E71EAF29}.Release|Any CPU.Build.0 = Release|Any CPU
		{8E96CBD0-C999-4DC6-BD64-CE70E71EAF29}.Release|ARM.ActiveCfg = Release|Any CPU
		{8E96CBD0-C999-4DC6-BD64-CE70E71EAF29}.Release|ARM.Build.0 = Release|Any CPU
		{8E96CBD0-C999-4DC6-BD64-CE70E71EAF29}.Release|x64.ActiveCfg = Release|Any CPU
		{8E96CBD0-C999-4DC6-BD64-CE70E71EAF29}.Release|x64.Build.0 = Release|Any CPU
		{8E96CBD0-C999-4DC6-BD64-CE70E71EAF29}.Release|x86.ActiveCfg = Release|x86
		{8E96CBD0-C999-4DC6-BD64-CE70E71EAF29}.Release|x86.Build.0 = Release|x86
		{32BE05EF-3D82-40B0-8C32-396E2BB0E3A2}.Debug Native|Any CPU.ActiveCfg = Debug Native|x86
		{32BE05EF-3D82-40B0-8C32-396E2BB0E3A2}.Debug Native|ARM.ActiveCfg = Debug Native|x86
		{32BE05EF-3D82-40B0-8C32-396E2BB0E3A2}.Debug Native|x64.ActiveCfg = Debug Native|x86
		{32BE05EF-3D82-40B0-8C32-396E2BB0E3A2}.Debug Native|x86.ActiveCfg = Debug Native|x86
		{32BE05EF-3D82-40B0-8C32-396E2BB0E3A2}.Debug Native|x86.Build.0 = Debug Native|x86
		{32BE05EF-3D82-40B0-8C32-396E2BB0E3A2}.Debug|Any CPU.ActiveCfg = Debug|x86
		{32BE05EF-3D82-40B0-8C32-396E2BB0E3A2}.Debug|Any CPU.Build.0 = Debug|x86
		{32BE05EF-3D82-40B0-8C32-396E2BB0E3A2}.Debug|ARM.ActiveCfg = Debug|x86
		{32BE05EF-3D82-40B0-8C32-396E2BB0E3A2}.Debug|x64.ActiveCfg = Debug|x86
		{32BE05EF-3D82-40B0-8C32-396E2BB0E3A2}.Debug|x64.Build.0 = Debug|x86
		{32BE05EF-3D82-40B0-8C32-396E2BB0E3A2}.Debug|x86.ActiveCfg = Debug|x86
		{32BE05EF-3D82-40B0-8C32-396E2BB0E3A2}.Debug|x86.Build.0 = Debug|x86
		{32BE05EF-3D82-40B0-8C32-396E2BB0E3A2}.Release|Any CPU.ActiveCfg = Release|x86
		{32BE05EF-3D82-40B0-8C32-396E2BB0E3A2}.Release|ARM.ActiveCfg = Release|x86
		{32BE05EF-3D82-40B0-8C32-396E2BB0E3A2}.Release|x64.ActiveCfg = Release|x86
		{32BE05EF-3D82-40B0-8C32-396E2BB0E3A2}.Release|x86.ActiveCfg = Release|x86
		{32BE05EF-3D82-40B0-8C32-396E2BB0E3A2}.Release|x86.Build.0 = Release|x86
		{E66620B2-02AB-41D6-89BF-3461CFBBD446}.Debug Native|Any CPU.ActiveCfg = Debug Native|Any CPU
		{E66620B2-02AB-41D6-89BF-3461CFBBD446}.Debug Native|Any CPU.Build.0 = Debug Native|Any CPU
		{E66620B2-02AB-41D6-89BF-3461CFBBD446}.Debug Native|ARM.ActiveCfg = Debug Native|ARM
		{E66620B2-02AB-41D6-89BF-3461CFBBD446}.Debug Native|ARM.Build.0 = Debug Native|ARM
		{E66620B2-02AB-41D6-89BF-3461CFBBD446}.Debug Native|x64.ActiveCfg = Debug Native|Any CPU
		{E66620B2-02AB-41D6-89BF-3461CFBBD446}.Debug Native|x64.Build.0 = Debug Native|Any CPU
		{E66620B2-02AB-41D6-89BF-3461CFBBD446}.Debug Native|x86.ActiveCfg = Debug Native|x86
		{E66620B2-02AB-41D6-89BF-3461CFBBD446}.Debug Native|x86.Build.0 = Debug Native|x86
		{E66620B2-02AB-41D6-89BF-3461CFBBD446}.Debug|Any CPU.ActiveCfg = Debug|Any CPU
		{E66620B2-02AB-41D6-89BF-3461CFBBD446}.Debug|Any CPU.Build.0 = Debug|Any CPU
		{E66620B2-02AB-41D6-89BF-3461CFBBD446}.Debug|ARM.ActiveCfg = Debug|ARM
		{E66620B2-02AB-41D6-89BF-3461CFBBD446}.Debug|ARM.Build.0 = Debug|ARM
		{E66620B2-02AB-41D6-89BF-3461CFBBD446}.Debug|x64.ActiveCfg = Debug|Any CPU
		{E66620B2-02AB-41D6-89BF-3461CFBBD446}.Debug|x64.Build.0 = Debug|Any CPU
		{E66620B2-02AB-41D6-89BF-3461CFBBD446}.Debug|x86.ActiveCfg = Debug|x86
		{E66620B2-02AB-41D6-89BF-3461CFBBD446}.Debug|x86.Build.0 = Debug|x86
		{E66620B2-02AB-41D6-89BF-3461CFBBD446}.Release|Any CPU.ActiveCfg = Release|Any CPU
		{E66620B2-02AB-41D6-89BF-3461CFBBD446}.Release|Any CPU.Build.0 = Release|Any CPU
		{E66620B2-02AB-41D6-89BF-3461CFBBD446}.Release|ARM.ActiveCfg = Release|Any CPU
		{E66620B2-02AB-41D6-89BF-3461CFBBD446}.Release|ARM.Build.0 = Release|Any CPU
		{E66620B2-02AB-41D6-89BF-3461CFBBD446}.Release|x64.ActiveCfg = Release|Any CPU
		{E66620B2-02AB-41D6-89BF-3461CFBBD446}.Release|x64.Build.0 = Release|Any CPU
		{E66620B2-02AB-41D6-89BF-3461CFBBD446}.Release|x86.ActiveCfg = Release|x86
		{E66620B2-02AB-41D6-89BF-3461CFBBD446}.Release|x86.Build.0 = Release|x86
		{C2771049-7C6A-474E-9702-085958BB69E3}.Debug Native|Any CPU.ActiveCfg = Debug Native|Any CPU
		{C2771049-7C6A-474E-9702-085958BB69E3}.Debug Native|Any CPU.Build.0 = Debug Native|Any CPU
		{C2771049-7C6A-474E-9702-085958BB69E3}.Debug Native|ARM.ActiveCfg = Debug Native|ARM
		{C2771049-7C6A-474E-9702-085958BB69E3}.Debug Native|ARM.Build.0 = Debug Native|ARM
		{C2771049-7C6A-474E-9702-085958BB69E3}.Debug Native|x64.ActiveCfg = Debug Native|Any CPU
		{C2771049-7C6A-474E-9702-085958BB69E3}.Debug Native|x64.Build.0 = Debug Native|Any CPU
		{C2771049-7C6A-474E-9702-085958BB69E3}.Debug Native|x86.ActiveCfg = Debug Native|x86
		{C2771049-7C6A-474E-9702-085958BB69E3}.Debug Native|x86.Build.0 = Debug Native|x86
		{C2771049-7C6A-474E-9702-085958BB69E3}.Debug|Any CPU.ActiveCfg = Debug|Any CPU
		{C2771049-7C6A-474E-9702-085958BB69E3}.Debug|Any CPU.Build.0 = Debug|Any CPU
		{C2771049-7C6A-474E-9702-085958BB69E3}.Debug|ARM.ActiveCfg = Debug|ARM
		{C2771049-7C6A-474E-9702-085958BB69E3}.Debug|ARM.Build.0 = Debug|ARM
		{C2771049-7C6A-474E-9702-085958BB69E3}.Debug|x64.ActiveCfg = Debug|Any CPU
		{C2771049-7C6A-474E-9702-085958BB69E3}.Debug|x64.Build.0 = Debug|Any CPU
		{C2771049-7C6A-474E-9702-085958BB69E3}.Debug|x86.ActiveCfg = Debug|x86
		{C2771049-7C6A-474E-9702-085958BB69E3}.Debug|x86.Build.0 = Debug|x86
		{C2771049-7C6A-474E-9702-085958BB69E3}.Release|Any CPU.ActiveCfg = Release|Any CPU
		{C2771049-7C6A-474E-9702-085958BB69E3}.Release|Any CPU.Build.0 = Release|Any CPU
		{C2771049-7C6A-474E-9702-085958BB69E3}.Release|ARM.ActiveCfg = Release|Any CPU
		{C2771049-7C6A-474E-9702-085958BB69E3}.Release|ARM.Build.0 = Release|Any CPU
		{C2771049-7C6A-474E-9702-085958BB69E3}.Release|x64.ActiveCfg = Release|Any CPU
		{C2771049-7C6A-474E-9702-085958BB69E3}.Release|x64.Build.0 = Release|Any CPU
		{C2771049-7C6A-474E-9702-085958BB69E3}.Release|x86.ActiveCfg = Release|x86
		{C2771049-7C6A-474E-9702-085958BB69E3}.Release|x86.Build.0 = Release|x86
		{B74CC183-F1D8-4861-A563-7D450DDC1A56}.Debug Native|Any CPU.ActiveCfg = Debug Native|x86
		{B74CC183-F1D8-4861-A563-7D450DDC1A56}.Debug Native|ARM.ActiveCfg = Debug Native|ARM
		{B74CC183-F1D8-4861-A563-7D450DDC1A56}.Debug Native|ARM.Build.0 = Debug Native|ARM
		{B74CC183-F1D8-4861-A563-7D450DDC1A56}.Debug Native|ARM.Deploy.0 = Debug Native|ARM
		{B74CC183-F1D8-4861-A563-7D450DDC1A56}.Debug Native|x64.ActiveCfg = Debug Native|x64
		{B74CC183-F1D8-4861-A563-7D450DDC1A56}.Debug Native|x64.Build.0 = Debug Native|x64
		{B74CC183-F1D8-4861-A563-7D450DDC1A56}.Debug Native|x64.Deploy.0 = Debug Native|x64
		{B74CC183-F1D8-4861-A563-7D450DDC1A56}.Debug Native|x86.ActiveCfg = Debug Native|x86
		{B74CC183-F1D8-4861-A563-7D450DDC1A56}.Debug Native|x86.Build.0 = Debug Native|x86
		{B74CC183-F1D8-4861-A563-7D450DDC1A56}.Debug Native|x86.Deploy.0 = Debug Native|x86
		{B74CC183-F1D8-4861-A563-7D450DDC1A56}.Debug|Any CPU.ActiveCfg = Debug|x86
		{B74CC183-F1D8-4861-A563-7D450DDC1A56}.Debug|ARM.ActiveCfg = Debug|ARM
		{B74CC183-F1D8-4861-A563-7D450DDC1A56}.Debug|ARM.Build.0 = Debug|ARM
		{B74CC183-F1D8-4861-A563-7D450DDC1A56}.Debug|ARM.Deploy.0 = Debug|ARM
		{B74CC183-F1D8-4861-A563-7D450DDC1A56}.Debug|x64.ActiveCfg = Debug|x64
		{B74CC183-F1D8-4861-A563-7D450DDC1A56}.Debug|x64.Build.0 = Debug|x64
		{B74CC183-F1D8-4861-A563-7D450DDC1A56}.Debug|x64.Deploy.0 = Debug|x64
		{B74CC183-F1D8-4861-A563-7D450DDC1A56}.Debug|x86.ActiveCfg = Debug|x86
		{B74CC183-F1D8-4861-A563-7D450DDC1A56}.Debug|x86.Build.0 = Debug|x86
		{B74CC183-F1D8-4861-A563-7D450DDC1A56}.Debug|x86.Deploy.0 = Debug|x86
		{B74CC183-F1D8-4861-A563-7D450DDC1A56}.Release|Any CPU.ActiveCfg = Release|x86
		{B74CC183-F1D8-4861-A563-7D450DDC1A56}.Release|ARM.ActiveCfg = Release|ARM
		{B74CC183-F1D8-4861-A563-7D450DDC1A56}.Release|ARM.Build.0 = Release|ARM
		{B74CC183-F1D8-4861-A563-7D450DDC1A56}.Release|ARM.Deploy.0 = Release|ARM
		{B74CC183-F1D8-4861-A563-7D450DDC1A56}.Release|x64.ActiveCfg = Release|x64
		{B74CC183-F1D8-4861-A563-7D450DDC1A56}.Release|x64.Build.0 = Release|x64
		{B74CC183-F1D8-4861-A563-7D450DDC1A56}.Release|x64.Deploy.0 = Release|x64
		{B74CC183-F1D8-4861-A563-7D450DDC1A56}.Release|x86.ActiveCfg = Release|x86
		{B74CC183-F1D8-4861-A563-7D450DDC1A56}.Release|x86.Build.0 = Release|x86
		{B74CC183-F1D8-4861-A563-7D450DDC1A56}.Release|x86.Deploy.0 = Release|x86
	EndGlobalSection
	GlobalSection(SolutionProperties) = preSolution
		HideSolutionNode = FALSE
	EndGlobalSection
	GlobalSection(NestedProjects) = preSolution
		{83987463-F910-4A6B-9EB4-6E770173FB1D} = {33893823-0828-4CB9-ADB1-EC2CA4707A59}
		{2B34D64C-A52F-4EC1-8B8F-4BAF952ABA48} = {21804B60-87C6-4CD9-994C-9B1FD4D8608D}
		{362BE535-4DC6-4A28-8A64-F383D00EB13E} = {33893823-0828-4CB9-ADB1-EC2CA4707A59}
		{1D00E979-399F-4D2D-942A-F2C8E4F0F8D2} = {63F4A38C-C52C-457D-BE8B-D9CD7A4696B1}
		{B185A324-7D54-49E0-B7A7-F92377B7DAB4} = {63F4A38C-C52C-457D-BE8B-D9CD7A4696B1}
		{70DC925C-1EFC-4F93-9CFE-5B29B1F303C7} = {5B864FAA-9738-40F0-AC7C-B77DE96A4523}
		{1873423F-A465-4F8D-812C-A42239EF9019} = {63F4A38C-C52C-457D-BE8B-D9CD7A4696B1}
		{714AC00F-7831-4967-81C4-5A12688188D6} = {A08BEEA2-817F-4DBA-96A0-CE1FDA606291}
		{EDC317CD-2EE3-4E21-9710-86B168E8272E} = {A30E04DA-4FC2-42FA-AFCC-322022DE5D20}
		{429BDE88-3BEC-4123-8578-6691AD7012FE} = {A30E04DA-4FC2-42FA-AFCC-322022DE5D20}
		{58FA87C5-8138-480D-B15E-261F8C9B2C24} = {1295394C-D992-438A-BB56-195BAF74F5D8}
		{B5C4AFA4-1474-4133-85AE-9D3490B55F5C} = {1295394C-D992-438A-BB56-195BAF74F5D8}
		{683E91D4-F73B-40BC-AB83-48874C8D9483} = {1295394C-D992-438A-BB56-195BAF74F5D8}
		{AF2832A7-5727-42C5-BC16-722A082FD23A} = {6B076A79-690A-4AD7-809D-0293C3F9FC2D}
		{D19ED892-1B57-4575-BA61-FA4B6BA1BD55} = {6B076A79-690A-4AD7-809D-0293C3F9FC2D}
		{A5632C6E-0605-4E7D-90A6-E3F690DE8C35} = {6B076A79-690A-4AD7-809D-0293C3F9FC2D}
		{1435DD76-5E8B-4095-B184-2CAEF745DC67} = {63F4A38C-C52C-457D-BE8B-D9CD7A4696B1}
		{F7E53C6E-C0CE-4C17-BC44-26C642FFCC7D} = {1435DD76-5E8B-4095-B184-2CAEF745DC67}
		{33893823-0828-4CB9-ADB1-EC2CA4707A59} = {DB046FAA-EA17-443E-9794-083706966125}
		{3BBFE19C-B55B-4552-A9EF-FAAD8CF761AF} = {33893823-0828-4CB9-ADB1-EC2CA4707A59}
		{21804B60-87C6-4CD9-994C-9B1FD4D8608D} = {DB046FAA-EA17-443E-9794-083706966125}
		{D91C189E-94E9-4BA3-80A5-9EF94565061E} = {21804B60-87C6-4CD9-994C-9B1FD4D8608D}
		{C880B086-B7F2-4B5A-830E-9AAEEDF063F8} = {D91C189E-94E9-4BA3-80A5-9EF94565061E}
		{358C45D9-DDB0-419E-BD92-A3FE04AD04CC} = {D91C189E-94E9-4BA3-80A5-9EF94565061E}
		{FF36FF2B-6B25-44DE-8AAA-CA4769603634} = {D91C189E-94E9-4BA3-80A5-9EF94565061E}
		{AABB7AC5-B73E-4E57-8B92-5066BF7BB6CB} = {DB046FAA-EA17-443E-9794-083706966125}
		{E81D1A4B-80EF-4308-97FE-91628853777F} = {DB046FAA-EA17-443E-9794-083706966125}
		{61B312B7-095E-4006-9484-82F3612F8E0F} = {DB046FAA-EA17-443E-9794-083706966125}
		{D9A0A897-DDFB-4BFE-93E6-9327E8752F4C} = {63F4A38C-C52C-457D-BE8B-D9CD7A4696B1}
		{18F66CDC-40D7-4E54-9C18-390478334792} = {D9A0A897-DDFB-4BFE-93E6-9327E8752F4C}
		{9FD6C60A-4BBD-44D4-A295-D9613AB300EB} = {D9A0A897-DDFB-4BFE-93E6-9327E8752F4C}
		{5E381E19-53A8-4559-BE79-C97BE85F8BC7} = {D9A0A897-DDFB-4BFE-93E6-9327E8752F4C}
		{494AABA6-7F65-4B86-973D-8425BF83DE72} = {60027AC1-F6BC-45B1-A5C0-F06C16AE8467}
		{8D7C498A-C7A9-408E-B6E4-FC24C2B920F7} = {0C739DD4-E29C-4A86-9A11-2C80E2F92E18}
		{8E96CBD0-C999-4DC6-BD64-CE70E71EAF29} = {0C739DD4-E29C-4A86-9A11-2C80E2F92E18}
		{32BE05EF-3D82-40B0-8C32-396E2BB0E3A2} = {0C739DD4-E29C-4A86-9A11-2C80E2F92E18}
		{E66620B2-02AB-41D6-89BF-3461CFBBD446} = {0B61E09E-89FE-486F-A4E6-E113441EED8B}
		{C2771049-7C6A-474E-9702-085958BB69E3} = {6B076A79-690A-4AD7-809D-0293C3F9FC2D}
		{B74CC183-F1D8-4861-A563-7D450DDC1A56} = {A30E04DA-4FC2-42FA-AFCC-322022DE5D20}
	EndGlobalSection
EndGlobal
